
Microsoft Visual Studio Solution File, Format Version 12.00
# Visual Studio Version 16
VisualStudioVersion = 16.0.29123.88
MinimumVisualStudioVersion = 10.0.40219.1
Project("{9A19103F-16F7-4668-BE54-9A1E7A4F7556}") = "XBeeLibrary.Core", "XBeeLibrary.Core\XBeeLibrary.Core.csproj", "{40993E66-FEBC-42C4-AEAD-A04838145207}"
EndProject
Project("{9A19103F-16F7-4668-BE54-9A1E7A4F7556}") = "XBeeLibrary.Xamarin", "XBeeLibrary.Xamarin\XBeeLibrary.Xamarin.csproj", "{136E00A4-29B0-4981-8213-0F49A87E4084}"
EndProject
Project("{FAE04EC0-301F-11D3-BF4B-00C04F79EFBC}") = "XBeeLibrary.Windows", "XBeeLibrary.Windows\XBeeLibrary.Windows.csproj", "{D6027B58-2401-415E-B441-C1EE5122D850}"
EndProject
Project("{2150E333-8FDC-42A3-9474-1A3956D46DE8}") = "examples", "examples", "{AF4598E8-BE00-438E-941E-BAA5FA406E06}"
EndProject
Project("{2150E333-8FDC-42A3-9474-1A3956D46DE8}") = "xamarin", "xamarin", "{35778E6E-3CAF-4613-B4F6-FA207832E55D}"
EndProject
Project("{FAE04EC0-301F-11D3-BF4B-00C04F79EFBC}") = "BleMicroPythonSample.Android", "examples\xamarin\BleMicroPythonSample\BleMicroPythonSample.Android\BleMicroPythonSample.Android.csproj", "{45F2F190-4671-4787-8015-DBD87E20558B}"
EndProject
Project("{FAE04EC0-301F-11D3-BF4B-00C04F79EFBC}") = "BleMicroPythonSample.iOS", "examples\xamarin\BleMicroPythonSample\BleMicroPythonSample.iOS\BleMicroPythonSample.iOS.csproj", "{8E037867-4337-4DDA-B13E-A077EF3D80C8}"
EndProject
Project("{D954291E-2A0B-460D-934E-DC6B0785DB48}") = "BleMicroPythonSample", "examples\xamarin\BleMicroPythonSample\BleMicroPythonSample\BleMicroPythonSample.shproj", "{73D95281-FB5D-4D78-AA34-8B722052DB3E}"
EndProject
Project("{2150E333-8FDC-42A3-9474-1A3956D46DE8}") = "BleMicroPythonSample", "BleMicroPythonSample", "{6359A794-E9A4-4257-B0DB-55A0AD613237}"
	ProjectSection(SolutionItems) = preProject
		examples\xamarin\BleMicroPythonSample\README.md = examples\xamarin\BleMicroPythonSample\README.md
	EndProjectSection
EndProject
Project("{FAE04EC0-301F-11D3-BF4B-00C04F79EFBC}") = "BleConfigurationSample.Android", "examples\xamarin\BleConfigurationSample\BleConfigurationSample.Android\BleConfigurationSample.Android.csproj", "{2AA77393-0B80-4BAC-BCC7-1FF0F19AA079}"
EndProject
Project("{FAE04EC0-301F-11D3-BF4B-00C04F79EFBC}") = "BleConfigurationSample.iOS", "examples\xamarin\BleConfigurationSample\BleConfigurationSample.iOS\BleConfigurationSample.iOS.csproj", "{5BA73FD6-CADC-4847-A280-B41FDC31639C}"
EndProject
Project("{D954291E-2A0B-460D-934E-DC6B0785DB48}") = "BleConfigurationSample", "examples\xamarin\BleConfigurationSample\BleConfigurationSample\BleConfigurationSample.shproj", "{FC265072-73CD-4D0C-98AD-75EBE14479F6}"
EndProject
Project("{2150E333-8FDC-42A3-9474-1A3956D46DE8}") = "BleConfigurationSample", "BleConfigurationSample", "{56652968-5F70-45B5-A025-F6420B95905D}"
	ProjectSection(SolutionItems) = preProject
		examples\xamarin\BleConfigurationSample\README.md = examples\xamarin\BleConfigurationSample\README.md
	EndProjectSection
EndProject
Project("{2150E333-8FDC-42A3-9474-1A3956D46DE8}") = "BleMicrocontrollerSample", "BleMicrocontrollerSample", "{03FF6946-BAF7-4AE6-90F4-DD3D7C24DBB1}"
	ProjectSection(SolutionItems) = preProject
		examples\xamarin\BleMicrocontrollerSample\README.md = examples\xamarin\BleMicrocontrollerSample\README.md
	EndProjectSection
EndProject
Project("{FAE04EC0-301F-11D3-BF4B-00C04F79EFBC}") = "BleMicrocontrollerSample.Android", "examples\xamarin\BleMicrocontrollerSample\BleMicrocontrollerSample.Android\BleMicrocontrollerSample.Android.csproj", "{02867B8D-7E36-4952-ABDF-C6F060F17840}"
EndProject
Project("{FAE04EC0-301F-11D3-BF4B-00C04F79EFBC}") = "BleMicrocontrollerSample.iOS", "examples\xamarin\BleMicrocontrollerSample\BleMicrocontrollerSample.iOS\BleMicrocontrollerSample.iOS.csproj", "{B24B0309-BE04-4791-8A2B-1E167215B738}"
EndProject
Project("{D954291E-2A0B-460D-934E-DC6B0785DB48}") = "BleMicrocontrollerSample", "examples\xamarin\BleMicrocontrollerSample\BleMicrocontrollerSample\BleMicrocontrollerSample.shproj", "{79DAA1E1-164C-49B5-A0DF-8344F2E3DA84}"
EndProject
Project("{2150E333-8FDC-42A3-9474-1A3956D46DE8}") = "RelayConsoleSample", "RelayConsoleSample", "{5808FBDC-0FCF-4E40-BBB4-A7B5AB74DDBC}"
	ProjectSection(SolutionItems) = preProject
		examples\xamarin\RelayConsoleSample\README.md = examples\xamarin\RelayConsoleSample\README.md
	EndProjectSection
EndProject
Project("{FAE04EC0-301F-11D3-BF4B-00C04F79EFBC}") = "RelayConsoleSample.Android", "examples\xamarin\RelayConsoleSample\RelayConsoleSample.Android\RelayConsoleSample.Android.csproj", "{81FC88AB-CF50-4509-B9C0-4A78B80F1C4B}"
EndProject
Project("{FAE04EC0-301F-11D3-BF4B-00C04F79EFBC}") = "RelayConsoleSample.iOS", "examples\xamarin\RelayConsoleSample\RelayConsoleSample.iOS\RelayConsoleSample.iOS.csproj", "{7194034D-068F-46EA-BC19-FE76B51D9FA0}"
EndProject
Project("{D954291E-2A0B-460D-934E-DC6B0785DB48}") = "RelayConsoleSample", "examples\xamarin\RelayConsoleSample\RelayConsoleSample\RelayConsoleSample.shproj", "{164B96CD-EA89-4D0F-BDF8-16F797BA29AF}"
EndProject
Project("{2150E333-8FDC-42A3-9474-1A3956D46DE8}") = "communication", "communication", "{D2D94ED4-08E5-4DBA-9769-DEA101529097}"
EndProject
Project("{2150E333-8FDC-42A3-9474-1A3956D46DE8}") = "configuration", "configuration", "{9CDF5D00-EF17-4921-BDDD-C9784CD64186}"
EndProject
Project("{2150E333-8FDC-42A3-9474-1A3956D46DE8}") = "network", "network", "{0ED463FA-9CA8-4BE7-9BD2-71C86810BBA5}"
EndProject
Project("{2150E333-8FDC-42A3-9474-1A3956D46DE8}") = "cellular", "cellular", "{8C3A16EA-1007-4EAB-8F26-47D1A5FB8B47}"
EndProject
Project("{2150E333-8FDC-42A3-9474-1A3956D46DE8}") = "explicit", "explicit", "{61C646F2-1B61-4B2A-A66B-6CACDBD74197}"
EndProject
Project("{2150E333-8FDC-42A3-9474-1A3956D46DE8}") = "ip", "ip", "{E769593B-7A76-4424-B555-438A0C3D3B85}"
EndProject
Project("{FAE04EC0-301F-11D3-BF4B-00C04F79EFBC}") = "DiscoverDevicesSample", "examples\network\DiscoverDevicesSample\DiscoverDevicesSample.csproj", "{3CF56CAB-D530-42D4-8E18-43C99C681EF8}"
EndProject
Project("{FAE04EC0-301F-11D3-BF4B-00C04F79EFBC}") = "ManageCommonParameterSample", "examples\configuration\ManageCommonParameterSample\ManageCommonParameterSample.csproj", "{37D70A8E-2B5C-4424-BBD9-D704B5785C6E}"
EndProject
Project("{FAE04EC0-301F-11D3-BF4B-00C04F79EFBC}") = "ResetModuleSample", "examples\configuration\ResetModuleSample\ResetModuleSample.csproj", "{D1B44889-D096-4C57-9A40-A227E736FA39}"
EndProject
Project("{FAE04EC0-301F-11D3-BF4B-00C04F79EFBC}") = "SetAndGetParametersSample", "examples\configuration\SetAndGetParametersSample\SetAndGetParametersSample.csproj", "{25CA9935-9D3B-43E2-B1F7-3287B04CA0C4}"
EndProject
Project("{FAE04EC0-301F-11D3-BF4B-00C04F79EFBC}") = "SendDataSample", "examples\communication\SendDataSample\SendDataSample.csproj", "{74886E69-AF5D-48E5-9309-87E987134B1F}"
EndProject
Project("{FAE04EC0-301F-11D3-BF4B-00C04F79EFBC}") = "SendDataAsyncSample", "examples\communication\SendDataAsyncSample\SendDataAsyncSample.csproj", "{E707B525-9DA0-466B-B742-8419818D751C}"
EndProject
Project("{FAE04EC0-301F-11D3-BF4B-00C04F79EFBC}") = "SendBroadcastDataSample", "examples\communication\SendBroadcastDataSample\SendBroadcastDataSample.csproj", "{A2D3790D-1E5F-450B-A9EF-65475E57B8DD}"
EndProject
Project("{FAE04EC0-301F-11D3-BF4B-00C04F79EFBC}") = "ReceiveDataSample", "examples\communication\ReceiveDataSample\ReceiveDataSample.csproj", "{05D777D4-7BD4-4E7B-8258-00451C2D7B07}"
EndProject
Project("{FAE04EC0-301F-11D3-BF4B-00C04F79EFBC}") = "ReceiveDataPollingSample", "examples\communication\ReceiveDataPollingSample\ReceiveDataPollingSample.csproj", "{68FC2F80-6F01-446F-9421-DC9EDE5FF669}"
EndProject
Project("{FAE04EC0-301F-11D3-BF4B-00C04F79EFBC}") = "ReceiveModemStatusSample", "examples\communication\ReceiveModemStatusSample\ReceiveModemStatusSample.csproj", "{9ACFEDD7-BCF1-4524-BAB4-788D85FFC890}"
EndProject
Project("{FAE04EC0-301F-11D3-BF4B-00C04F79EFBC}") = "SendSMSSample", "examples\communication\cellular\SendSMSSample\SendSMSSample.csproj", "{2901595F-77C9-4088-B4DC-5CA7E2E2EB44}"
EndProject
Project("{FAE04EC0-301F-11D3-BF4B-00C04F79EFBC}") = "ReceiveSMSSample", "examples\communication\cellular\ReceiveSMSSample\ReceiveSMSSample.csproj", "{C4B7F6B1-4581-46FF-9C75-74FF56FD6281}"
EndProject
Project("{FAE04EC0-301F-11D3-BF4B-00C04F79EFBC}") = "SendExplicitDataSample", "examples\communication\explicit\SendExplicitDataSample\SendExplicitDataSample.csproj", "{458E279A-442E-4705-8CCE-0C6A3CDF2A92}"
EndProject
Project("{FAE04EC0-301F-11D3-BF4B-00C04F79EFBC}") = "SendExplicitDataAsyncSample", "examples\communication\explicit\SendExplicitDataAsyncSample\SendExplicitDataAsyncSample.csproj", "{8702FAD0-A088-4620-A4A4-73F63814A428}"
EndProject
Project("{FAE04EC0-301F-11D3-BF4B-00C04F79EFBC}") = "SendBroadcastExplicitDataSample", "examples\communication\explicit\SendBroadcastExplicitDataSample\SendBroadcastExplicitDataSample.csproj", "{5D0D08B3-5692-445C-8D95-BF200A80AED9}"
EndProject
Project("{FAE04EC0-301F-11D3-BF4B-00C04F79EFBC}") = "ReceiveExplicitDataSample", "examples\communication\explicit\ReceiveExplicitDataSample\ReceiveExplicitDataSample.csproj", "{43AB6440-D317-4286-9E58-A07E53F40071}"
EndProject
Project("{FAE04EC0-301F-11D3-BF4B-00C04F79EFBC}") = "ReceiveExplicitDataPollingSample", "examples\communication\explicit\ReceiveExplicitDataPollingSample\ReceiveExplicitDataPollingSample.csproj", "{C39C15E0-E0F8-4556-868C-098762630CCB}"
EndProject
Project("{FAE04EC0-301F-11D3-BF4B-00C04F79EFBC}") = "ConnectToEchoServerSample", "examples\communication\ip\ConnectToEchoServerSample\ConnectToEchoServerSample.csproj", "{DB348F19-9A12-42B0-AA1C-308B9632832B}"
EndProject
Project("{FAE04EC0-301F-11D3-BF4B-00C04F79EFBC}") = "SendIPDataSample", "examples\communication\ip\SendIPDataSample\SendIPDataSample.csproj", "{12E7C310-F762-48F4-A582-B28C9881C70E}"
EndProject
Project("{FAE04EC0-301F-11D3-BF4B-00C04F79EFBC}") = "SendUDPDataSample", "examples\communication\ip\SendUDPDataSample\SendUDPDataSample.csproj", "{A2E968BD-51AB-486E-BB3E-2CF4A7311ACC}"
EndProject
Project("{FAE04EC0-301F-11D3-BF4B-00C04F79EFBC}") = "ReceiveIPDataSample", "examples\communication\ip\ReceiveIPDataSample\ReceiveIPDataSample.csproj", "{C3043F43-1F68-45F6-9962-FDEB4F91A354}"
EndProject
Project("{FAE04EC0-301F-11D3-BF4B-00C04F79EFBC}") = "KnockKnockSample", "examples\communication\ip\KnockKnockSample\KnockKnockSample.csproj", "{2D262ADE-B808-4F98-9B8A-DD82E0FACAE6}"
EndProject
Global
	GlobalSection(SharedMSBuildProjectFiles) = preSolution
		examples\xamarin\BleMicrocontrollerSample\BleMicrocontrollerSample\BleMicrocontrollerSample.projitems*{02867b8d-7e36-4952-abdf-c6f060f17840}*SharedItemsImports = 4
		examples\xamarin\RelayConsoleSample\RelayConsoleSample\RelayConsoleSample.projitems*{164b96cd-ea89-4d0f-bdf8-16f797ba29af}*SharedItemsImports = 13
		examples\xamarin\BleConfigurationSample\BleConfigurationSample\BleConfigurationSample.projitems*{2aa77393-0b80-4bac-bcc7-1ff0f19aa079}*SharedItemsImports = 4
		examples\xamarin\BleMicroPythonSample\BleMicroPythonSample\BleMicroPythonSample.projitems*{45f2f190-4671-4787-8015-dbd87e20558b}*SharedItemsImports = 4
		examples\xamarin\BleConfigurationSample\BleConfigurationSample\BleConfigurationSample.projitems*{5ba73fd6-cadc-4847-a280-b41fdc31639c}*SharedItemsImports = 4
		examples\xamarin\RelayConsoleSample\RelayConsoleSample\RelayConsoleSample.projitems*{7194034d-068f-46ea-bc19-fe76b51d9fa0}*SharedItemsImports = 4
		examples\xamarin\BleMicroPythonSample\BleMicroPythonSample\BleMicroPythonSample.projitems*{73d95281-fb5d-4d78-aa34-8b722052db3e}*SharedItemsImports = 13
		examples\xamarin\BleMicrocontrollerSample\BleMicrocontrollerSample\BleMicrocontrollerSample.projitems*{79daa1e1-164c-49b5-a0df-8344f2e3da84}*SharedItemsImports = 13
		examples\xamarin\RelayConsoleSample\RelayConsoleSample\RelayConsoleSample.projitems*{81fc88ab-cf50-4509-b9c0-4a78b80f1c4b}*SharedItemsImports = 4
		examples\xamarin\BleMicroPythonSample\BleMicroPythonSample\BleMicroPythonSample.projitems*{8e037867-4337-4dda-b13e-a077ef3d80c8}*SharedItemsImports = 4
		examples\xamarin\BleMicrocontrollerSample\BleMicrocontrollerSample\BleMicrocontrollerSample.projitems*{b24b0309-be04-4791-8a2b-1e167215b738}*SharedItemsImports = 4
		examples\xamarin\BleConfigurationSample\BleConfigurationSample\BleConfigurationSample.projitems*{fc265072-73cd-4d0c-98ad-75ebe14479f6}*SharedItemsImports = 13
	EndGlobalSection
	GlobalSection(SolutionConfigurationPlatforms) = preSolution
		Ad-Hoc|Any CPU = Ad-Hoc|Any CPU
		Ad-Hoc|iPhone = Ad-Hoc|iPhone
		Ad-Hoc|iPhoneSimulator = Ad-Hoc|iPhoneSimulator
		AppStore|Any CPU = AppStore|Any CPU
		AppStore|iPhone = AppStore|iPhone
		AppStore|iPhoneSimulator = AppStore|iPhoneSimulator
		Debug|Any CPU = Debug|Any CPU
		Debug|iPhone = Debug|iPhone
		Debug|iPhoneSimulator = Debug|iPhoneSimulator
		Release|Any CPU = Release|Any CPU
		Release|iPhone = Release|iPhone
		Release|iPhoneSimulator = Release|iPhoneSimulator
	EndGlobalSection
	GlobalSection(ProjectConfigurationPlatforms) = postSolution
		{40993E66-FEBC-42C4-AEAD-A04838145207}.Ad-Hoc|Any CPU.ActiveCfg = Release|Any CPU
		{40993E66-FEBC-42C4-AEAD-A04838145207}.Ad-Hoc|Any CPU.Build.0 = Release|Any CPU
		{40993E66-FEBC-42C4-AEAD-A04838145207}.Ad-Hoc|iPhone.ActiveCfg = Release|Any CPU
		{40993E66-FEBC-42C4-AEAD-A04838145207}.Ad-Hoc|iPhone.Build.0 = Release|Any CPU
		{40993E66-FEBC-42C4-AEAD-A04838145207}.Ad-Hoc|iPhoneSimulator.ActiveCfg = Release|Any CPU
		{40993E66-FEBC-42C4-AEAD-A04838145207}.Ad-Hoc|iPhoneSimulator.Build.0 = Release|Any CPU
		{40993E66-FEBC-42C4-AEAD-A04838145207}.AppStore|Any CPU.ActiveCfg = Release|Any CPU
		{40993E66-FEBC-42C4-AEAD-A04838145207}.AppStore|Any CPU.Build.0 = Release|Any CPU
		{40993E66-FEBC-42C4-AEAD-A04838145207}.AppStore|iPhone.ActiveCfg = Release|Any CPU
		{40993E66-FEBC-42C4-AEAD-A04838145207}.AppStore|iPhone.Build.0 = Release|Any CPU
		{40993E66-FEBC-42C4-AEAD-A04838145207}.AppStore|iPhoneSimulator.ActiveCfg = Release|Any CPU
		{40993E66-FEBC-42C4-AEAD-A04838145207}.AppStore|iPhoneSimulator.Build.0 = Release|Any CPU
		{40993E66-FEBC-42C4-AEAD-A04838145207}.Debug|Any CPU.ActiveCfg = Debug|Any CPU
		{40993E66-FEBC-42C4-AEAD-A04838145207}.Debug|Any CPU.Build.0 = Debug|Any CPU
		{40993E66-FEBC-42C4-AEAD-A04838145207}.Debug|iPhone.ActiveCfg = Debug|Any CPU
		{40993E66-FEBC-42C4-AEAD-A04838145207}.Debug|iPhone.Build.0 = Debug|Any CPU
		{40993E66-FEBC-42C4-AEAD-A04838145207}.Debug|iPhoneSimulator.ActiveCfg = Debug|Any CPU
		{40993E66-FEBC-42C4-AEAD-A04838145207}.Debug|iPhoneSimulator.Build.0 = Debug|Any CPU
		{40993E66-FEBC-42C4-AEAD-A04838145207}.Release|Any CPU.ActiveCfg = Release|Any CPU
		{40993E66-FEBC-42C4-AEAD-A04838145207}.Release|Any CPU.Build.0 = Release|Any CPU
		{40993E66-FEBC-42C4-AEAD-A04838145207}.Release|iPhone.ActiveCfg = Release|Any CPU
		{40993E66-FEBC-42C4-AEAD-A04838145207}.Release|iPhone.Build.0 = Release|Any CPU
		{40993E66-FEBC-42C4-AEAD-A04838145207}.Release|iPhoneSimulator.ActiveCfg = Release|Any CPU
		{40993E66-FEBC-42C4-AEAD-A04838145207}.Release|iPhoneSimulator.Build.0 = Release|Any CPU
		{136E00A4-29B0-4981-8213-0F49A87E4084}.Ad-Hoc|Any CPU.ActiveCfg = Release|Any CPU
		{136E00A4-29B0-4981-8213-0F49A87E4084}.Ad-Hoc|Any CPU.Build.0 = Release|Any CPU
		{136E00A4-29B0-4981-8213-0F49A87E4084}.Ad-Hoc|iPhone.ActiveCfg = Release|Any CPU
		{136E00A4-29B0-4981-8213-0F49A87E4084}.Ad-Hoc|iPhone.Build.0 = Release|Any CPU
		{136E00A4-29B0-4981-8213-0F49A87E4084}.Ad-Hoc|iPhoneSimulator.ActiveCfg = Release|Any CPU
		{136E00A4-29B0-4981-8213-0F49A87E4084}.Ad-Hoc|iPhoneSimulator.Build.0 = Release|Any CPU
		{136E00A4-29B0-4981-8213-0F49A87E4084}.AppStore|Any CPU.ActiveCfg = Release|Any CPU
		{136E00A4-29B0-4981-8213-0F49A87E4084}.AppStore|Any CPU.Build.0 = Release|Any CPU
		{136E00A4-29B0-4981-8213-0F49A87E4084}.AppStore|iPhone.ActiveCfg = Release|Any CPU
		{136E00A4-29B0-4981-8213-0F49A87E4084}.AppStore|iPhone.Build.0 = Release|Any CPU
		{136E00A4-29B0-4981-8213-0F49A87E4084}.AppStore|iPhoneSimulator.ActiveCfg = Release|Any CPU
		{136E00A4-29B0-4981-8213-0F49A87E4084}.AppStore|iPhoneSimulator.Build.0 = Release|Any CPU
		{136E00A4-29B0-4981-8213-0F49A87E4084}.Debug|Any CPU.ActiveCfg = Debug|Any CPU
		{136E00A4-29B0-4981-8213-0F49A87E4084}.Debug|Any CPU.Build.0 = Debug|Any CPU
		{136E00A4-29B0-4981-8213-0F49A87E4084}.Debug|iPhone.ActiveCfg = Debug|Any CPU
		{136E00A4-29B0-4981-8213-0F49A87E4084}.Debug|iPhone.Build.0 = Debug|Any CPU
		{136E00A4-29B0-4981-8213-0F49A87E4084}.Debug|iPhoneSimulator.ActiveCfg = Debug|Any CPU
		{136E00A4-29B0-4981-8213-0F49A87E4084}.Debug|iPhoneSimulator.Build.0 = Debug|Any CPU
		{136E00A4-29B0-4981-8213-0F49A87E4084}.Release|Any CPU.ActiveCfg = Release|Any CPU
		{136E00A4-29B0-4981-8213-0F49A87E4084}.Release|Any CPU.Build.0 = Release|Any CPU
		{136E00A4-29B0-4981-8213-0F49A87E4084}.Release|iPhone.ActiveCfg = Release|Any CPU
		{136E00A4-29B0-4981-8213-0F49A87E4084}.Release|iPhone.Build.0 = Release|Any CPU
		{136E00A4-29B0-4981-8213-0F49A87E4084}.Release|iPhoneSimulator.ActiveCfg = Release|Any CPU
		{136E00A4-29B0-4981-8213-0F49A87E4084}.Release|iPhoneSimulator.Build.0 = Release|Any CPU
		{D6027B58-2401-415E-B441-C1EE5122D850}.Ad-Hoc|Any CPU.ActiveCfg = Release|Any CPU
		{D6027B58-2401-415E-B441-C1EE5122D850}.Ad-Hoc|Any CPU.Build.0 = Release|Any CPU
		{D6027B58-2401-415E-B441-C1EE5122D850}.Ad-Hoc|iPhone.ActiveCfg = Release|Any CPU
		{D6027B58-2401-415E-B441-C1EE5122D850}.Ad-Hoc|iPhone.Build.0 = Release|Any CPU
		{D6027B58-2401-415E-B441-C1EE5122D850}.Ad-Hoc|iPhoneSimulator.ActiveCfg = Release|Any CPU
		{D6027B58-2401-415E-B441-C1EE5122D850}.Ad-Hoc|iPhoneSimulator.Build.0 = Release|Any CPU
		{D6027B58-2401-415E-B441-C1EE5122D850}.AppStore|Any CPU.ActiveCfg = Release|Any CPU
		{D6027B58-2401-415E-B441-C1EE5122D850}.AppStore|Any CPU.Build.0 = Release|Any CPU
		{D6027B58-2401-415E-B441-C1EE5122D850}.AppStore|iPhone.ActiveCfg = Release|Any CPU
		{D6027B58-2401-415E-B441-C1EE5122D850}.AppStore|iPhone.Build.0 = Release|Any CPU
		{D6027B58-2401-415E-B441-C1EE5122D850}.AppStore|iPhoneSimulator.ActiveCfg = Release|Any CPU
		{D6027B58-2401-415E-B441-C1EE5122D850}.AppStore|iPhoneSimulator.Build.0 = Release|Any CPU
		{D6027B58-2401-415E-B441-C1EE5122D850}.Debug|Any CPU.ActiveCfg = Debug|Any CPU
		{D6027B58-2401-415E-B441-C1EE5122D850}.Debug|Any CPU.Build.0 = Debug|Any CPU
		{D6027B58-2401-415E-B441-C1EE5122D850}.Debug|iPhone.ActiveCfg = Debug|Any CPU
		{D6027B58-2401-415E-B441-C1EE5122D850}.Debug|iPhone.Build.0 = Debug|Any CPU
		{D6027B58-2401-415E-B441-C1EE5122D850}.Debug|iPhoneSimulator.ActiveCfg = Debug|Any CPU
		{D6027B58-2401-415E-B441-C1EE5122D850}.Debug|iPhoneSimulator.Build.0 = Debug|Any CPU
		{D6027B58-2401-415E-B441-C1EE5122D850}.Release|Any CPU.ActiveCfg = Release|Any CPU
		{D6027B58-2401-415E-B441-C1EE5122D850}.Release|Any CPU.Build.0 = Release|Any CPU
		{D6027B58-2401-415E-B441-C1EE5122D850}.Release|iPhone.ActiveCfg = Release|Any CPU
		{D6027B58-2401-415E-B441-C1EE5122D850}.Release|iPhone.Build.0 = Release|Any CPU
		{D6027B58-2401-415E-B441-C1EE5122D850}.Release|iPhoneSimulator.ActiveCfg = Release|Any CPU
		{D6027B58-2401-415E-B441-C1EE5122D850}.Release|iPhoneSimulator.Build.0 = Release|Any CPU
		{45F2F190-4671-4787-8015-DBD87E20558B}.Ad-Hoc|Any CPU.ActiveCfg = Release|Any CPU
		{45F2F190-4671-4787-8015-DBD87E20558B}.Ad-Hoc|Any CPU.Build.0 = Release|Any CPU
		{45F2F190-4671-4787-8015-DBD87E20558B}.Ad-Hoc|Any CPU.Deploy.0 = Release|Any CPU
		{45F2F190-4671-4787-8015-DBD87E20558B}.Ad-Hoc|iPhone.ActiveCfg = Release|Any CPU
		{45F2F190-4671-4787-8015-DBD87E20558B}.Ad-Hoc|iPhone.Build.0 = Release|Any CPU
		{45F2F190-4671-4787-8015-DBD87E20558B}.Ad-Hoc|iPhone.Deploy.0 = Release|Any CPU
		{45F2F190-4671-4787-8015-DBD87E20558B}.Ad-Hoc|iPhoneSimulator.ActiveCfg = Release|Any CPU
		{45F2F190-4671-4787-8015-DBD87E20558B}.Ad-Hoc|iPhoneSimulator.Build.0 = Release|Any CPU
		{45F2F190-4671-4787-8015-DBD87E20558B}.Ad-Hoc|iPhoneSimulator.Deploy.0 = Release|Any CPU
		{45F2F190-4671-4787-8015-DBD87E20558B}.AppStore|Any CPU.ActiveCfg = Release|Any CPU
		{45F2F190-4671-4787-8015-DBD87E20558B}.AppStore|Any CPU.Build.0 = Release|Any CPU
		{45F2F190-4671-4787-8015-DBD87E20558B}.AppStore|Any CPU.Deploy.0 = Release|Any CPU
		{45F2F190-4671-4787-8015-DBD87E20558B}.AppStore|iPhone.ActiveCfg = Release|Any CPU
		{45F2F190-4671-4787-8015-DBD87E20558B}.AppStore|iPhone.Build.0 = Release|Any CPU
		{45F2F190-4671-4787-8015-DBD87E20558B}.AppStore|iPhone.Deploy.0 = Release|Any CPU
		{45F2F190-4671-4787-8015-DBD87E20558B}.AppStore|iPhoneSimulator.ActiveCfg = Release|Any CPU
		{45F2F190-4671-4787-8015-DBD87E20558B}.AppStore|iPhoneSimulator.Build.0 = Release|Any CPU
		{45F2F190-4671-4787-8015-DBD87E20558B}.AppStore|iPhoneSimulator.Deploy.0 = Release|Any CPU
		{45F2F190-4671-4787-8015-DBD87E20558B}.Debug|Any CPU.ActiveCfg = Debug|Any CPU
		{45F2F190-4671-4787-8015-DBD87E20558B}.Debug|Any CPU.Build.0 = Debug|Any CPU
		{45F2F190-4671-4787-8015-DBD87E20558B}.Debug|Any CPU.Deploy.0 = Debug|Any CPU
		{45F2F190-4671-4787-8015-DBD87E20558B}.Debug|iPhone.ActiveCfg = Debug|Any CPU
		{45F2F190-4671-4787-8015-DBD87E20558B}.Debug|iPhone.Build.0 = Debug|Any CPU
		{45F2F190-4671-4787-8015-DBD87E20558B}.Debug|iPhone.Deploy.0 = Debug|Any CPU
		{45F2F190-4671-4787-8015-DBD87E20558B}.Debug|iPhoneSimulator.ActiveCfg = Debug|Any CPU
		{45F2F190-4671-4787-8015-DBD87E20558B}.Debug|iPhoneSimulator.Build.0 = Debug|Any CPU
		{45F2F190-4671-4787-8015-DBD87E20558B}.Debug|iPhoneSimulator.Deploy.0 = Debug|Any CPU
		{45F2F190-4671-4787-8015-DBD87E20558B}.Release|Any CPU.ActiveCfg = Release|Any CPU
		{45F2F190-4671-4787-8015-DBD87E20558B}.Release|Any CPU.Build.0 = Release|Any CPU
		{45F2F190-4671-4787-8015-DBD87E20558B}.Release|Any CPU.Deploy.0 = Release|Any CPU
		{45F2F190-4671-4787-8015-DBD87E20558B}.Release|iPhone.ActiveCfg = Release|Any CPU
		{45F2F190-4671-4787-8015-DBD87E20558B}.Release|iPhone.Build.0 = Release|Any CPU
		{45F2F190-4671-4787-8015-DBD87E20558B}.Release|iPhone.Deploy.0 = Release|Any CPU
		{45F2F190-4671-4787-8015-DBD87E20558B}.Release|iPhoneSimulator.ActiveCfg = Release|Any CPU
		{45F2F190-4671-4787-8015-DBD87E20558B}.Release|iPhoneSimulator.Build.0 = Release|Any CPU
		{45F2F190-4671-4787-8015-DBD87E20558B}.Release|iPhoneSimulator.Deploy.0 = Release|Any CPU
		{8E037867-4337-4DDA-B13E-A077EF3D80C8}.Ad-Hoc|Any CPU.ActiveCfg = Ad-Hoc|iPhone
		{8E037867-4337-4DDA-B13E-A077EF3D80C8}.Ad-Hoc|iPhone.ActiveCfg = Ad-Hoc|iPhone
		{8E037867-4337-4DDA-B13E-A077EF3D80C8}.Ad-Hoc|iPhone.Build.0 = Ad-Hoc|iPhone
		{8E037867-4337-4DDA-B13E-A077EF3D80C8}.Ad-Hoc|iPhoneSimulator.ActiveCfg = Ad-Hoc|iPhoneSimulator
		{8E037867-4337-4DDA-B13E-A077EF3D80C8}.Ad-Hoc|iPhoneSimulator.Build.0 = Ad-Hoc|iPhoneSimulator
		{8E037867-4337-4DDA-B13E-A077EF3D80C8}.AppStore|Any CPU.ActiveCfg = AppStore|iPhone
		{8E037867-4337-4DDA-B13E-A077EF3D80C8}.AppStore|iPhone.ActiveCfg = AppStore|iPhone
		{8E037867-4337-4DDA-B13E-A077EF3D80C8}.AppStore|iPhone.Build.0 = AppStore|iPhone
		{8E037867-4337-4DDA-B13E-A077EF3D80C8}.AppStore|iPhoneSimulator.ActiveCfg = AppStore|iPhoneSimulator
		{8E037867-4337-4DDA-B13E-A077EF3D80C8}.AppStore|iPhoneSimulator.Build.0 = AppStore|iPhoneSimulator
		{8E037867-4337-4DDA-B13E-A077EF3D80C8}.Debug|Any CPU.ActiveCfg = Debug|iPhone
		{8E037867-4337-4DDA-B13E-A077EF3D80C8}.Debug|iPhone.ActiveCfg = Debug|iPhone
		{8E037867-4337-4DDA-B13E-A077EF3D80C8}.Debug|iPhone.Build.0 = Debug|iPhone
		{8E037867-4337-4DDA-B13E-A077EF3D80C8}.Debug|iPhoneSimulator.ActiveCfg = Debug|iPhoneSimulator
		{8E037867-4337-4DDA-B13E-A077EF3D80C8}.Debug|iPhoneSimulator.Build.0 = Debug|iPhoneSimulator
		{8E037867-4337-4DDA-B13E-A077EF3D80C8}.Release|Any CPU.ActiveCfg = Release|iPhone
		{8E037867-4337-4DDA-B13E-A077EF3D80C8}.Release|iPhone.ActiveCfg = Release|iPhone
		{8E037867-4337-4DDA-B13E-A077EF3D80C8}.Release|iPhone.Build.0 = Release|iPhone
		{8E037867-4337-4DDA-B13E-A077EF3D80C8}.Release|iPhoneSimulator.ActiveCfg = Release|iPhoneSimulator
		{8E037867-4337-4DDA-B13E-A077EF3D80C8}.Release|iPhoneSimulator.Build.0 = Release|iPhoneSimulator
		{2AA77393-0B80-4BAC-BCC7-1FF0F19AA079}.Ad-Hoc|Any CPU.ActiveCfg = Release|Any CPU
		{2AA77393-0B80-4BAC-BCC7-1FF0F19AA079}.Ad-Hoc|Any CPU.Build.0 = Release|Any CPU
		{2AA77393-0B80-4BAC-BCC7-1FF0F19AA079}.Ad-Hoc|Any CPU.Deploy.0 = Release|Any CPU
		{2AA77393-0B80-4BAC-BCC7-1FF0F19AA079}.Ad-Hoc|iPhone.ActiveCfg = Release|Any CPU
		{2AA77393-0B80-4BAC-BCC7-1FF0F19AA079}.Ad-Hoc|iPhone.Build.0 = Release|Any CPU
		{2AA77393-0B80-4BAC-BCC7-1FF0F19AA079}.Ad-Hoc|iPhone.Deploy.0 = Release|Any CPU
		{2AA77393-0B80-4BAC-BCC7-1FF0F19AA079}.Ad-Hoc|iPhoneSimulator.ActiveCfg = Release|Any CPU
		{2AA77393-0B80-4BAC-BCC7-1FF0F19AA079}.Ad-Hoc|iPhoneSimulator.Build.0 = Release|Any CPU
		{2AA77393-0B80-4BAC-BCC7-1FF0F19AA079}.Ad-Hoc|iPhoneSimulator.Deploy.0 = Release|Any CPU
		{2AA77393-0B80-4BAC-BCC7-1FF0F19AA079}.AppStore|Any CPU.ActiveCfg = Release|Any CPU
		{2AA77393-0B80-4BAC-BCC7-1FF0F19AA079}.AppStore|Any CPU.Build.0 = Release|Any CPU
		{2AA77393-0B80-4BAC-BCC7-1FF0F19AA079}.AppStore|Any CPU.Deploy.0 = Release|Any CPU
		{2AA77393-0B80-4BAC-BCC7-1FF0F19AA079}.AppStore|iPhone.ActiveCfg = Release|Any CPU
		{2AA77393-0B80-4BAC-BCC7-1FF0F19AA079}.AppStore|iPhone.Build.0 = Release|Any CPU
		{2AA77393-0B80-4BAC-BCC7-1FF0F19AA079}.AppStore|iPhone.Deploy.0 = Release|Any CPU
		{2AA77393-0B80-4BAC-BCC7-1FF0F19AA079}.AppStore|iPhoneSimulator.ActiveCfg = Release|Any CPU
		{2AA77393-0B80-4BAC-BCC7-1FF0F19AA079}.AppStore|iPhoneSimulator.Build.0 = Release|Any CPU
		{2AA77393-0B80-4BAC-BCC7-1FF0F19AA079}.AppStore|iPhoneSimulator.Deploy.0 = Release|Any CPU
		{2AA77393-0B80-4BAC-BCC7-1FF0F19AA079}.Debug|Any CPU.ActiveCfg = Debug|Any CPU
		{2AA77393-0B80-4BAC-BCC7-1FF0F19AA079}.Debug|Any CPU.Build.0 = Debug|Any CPU
		{2AA77393-0B80-4BAC-BCC7-1FF0F19AA079}.Debug|Any CPU.Deploy.0 = Debug|Any CPU
		{2AA77393-0B80-4BAC-BCC7-1FF0F19AA079}.Debug|iPhone.ActiveCfg = Debug|Any CPU
		{2AA77393-0B80-4BAC-BCC7-1FF0F19AA079}.Debug|iPhone.Build.0 = Debug|Any CPU
		{2AA77393-0B80-4BAC-BCC7-1FF0F19AA079}.Debug|iPhone.Deploy.0 = Debug|Any CPU
		{2AA77393-0B80-4BAC-BCC7-1FF0F19AA079}.Debug|iPhoneSimulator.ActiveCfg = Debug|Any CPU
		{2AA77393-0B80-4BAC-BCC7-1FF0F19AA079}.Debug|iPhoneSimulator.Build.0 = Debug|Any CPU
		{2AA77393-0B80-4BAC-BCC7-1FF0F19AA079}.Debug|iPhoneSimulator.Deploy.0 = Debug|Any CPU
		{2AA77393-0B80-4BAC-BCC7-1FF0F19AA079}.Release|Any CPU.ActiveCfg = Release|Any CPU
		{2AA77393-0B80-4BAC-BCC7-1FF0F19AA079}.Release|Any CPU.Build.0 = Release|Any CPU
		{2AA77393-0B80-4BAC-BCC7-1FF0F19AA079}.Release|Any CPU.Deploy.0 = Release|Any CPU
		{2AA77393-0B80-4BAC-BCC7-1FF0F19AA079}.Release|iPhone.ActiveCfg = Release|Any CPU
		{2AA77393-0B80-4BAC-BCC7-1FF0F19AA079}.Release|iPhone.Build.0 = Release|Any CPU
		{2AA77393-0B80-4BAC-BCC7-1FF0F19AA079}.Release|iPhone.Deploy.0 = Release|Any CPU
		{2AA77393-0B80-4BAC-BCC7-1FF0F19AA079}.Release|iPhoneSimulator.ActiveCfg = Release|Any CPU
		{2AA77393-0B80-4BAC-BCC7-1FF0F19AA079}.Release|iPhoneSimulator.Build.0 = Release|Any CPU
		{2AA77393-0B80-4BAC-BCC7-1FF0F19AA079}.Release|iPhoneSimulator.Deploy.0 = Release|Any CPU
		{5BA73FD6-CADC-4847-A280-B41FDC31639C}.Ad-Hoc|Any CPU.ActiveCfg = Ad-Hoc|iPhone
		{5BA73FD6-CADC-4847-A280-B41FDC31639C}.Ad-Hoc|iPhone.ActiveCfg = Ad-Hoc|iPhone
		{5BA73FD6-CADC-4847-A280-B41FDC31639C}.Ad-Hoc|iPhone.Build.0 = Ad-Hoc|iPhone
		{5BA73FD6-CADC-4847-A280-B41FDC31639C}.Ad-Hoc|iPhoneSimulator.ActiveCfg = Ad-Hoc|iPhoneSimulator
		{5BA73FD6-CADC-4847-A280-B41FDC31639C}.Ad-Hoc|iPhoneSimulator.Build.0 = Ad-Hoc|iPhoneSimulator
		{5BA73FD6-CADC-4847-A280-B41FDC31639C}.AppStore|Any CPU.ActiveCfg = AppStore|iPhone
		{5BA73FD6-CADC-4847-A280-B41FDC31639C}.AppStore|iPhone.ActiveCfg = AppStore|iPhone
		{5BA73FD6-CADC-4847-A280-B41FDC31639C}.AppStore|iPhone.Build.0 = AppStore|iPhone
		{5BA73FD6-CADC-4847-A280-B41FDC31639C}.AppStore|iPhoneSimulator.ActiveCfg = AppStore|iPhoneSimulator
		{5BA73FD6-CADC-4847-A280-B41FDC31639C}.AppStore|iPhoneSimulator.Build.0 = AppStore|iPhoneSimulator
		{5BA73FD6-CADC-4847-A280-B41FDC31639C}.Debug|Any CPU.ActiveCfg = Debug|iPhone
		{5BA73FD6-CADC-4847-A280-B41FDC31639C}.Debug|iPhone.ActiveCfg = Debug|iPhone
		{5BA73FD6-CADC-4847-A280-B41FDC31639C}.Debug|iPhone.Build.0 = Debug|iPhone
		{5BA73FD6-CADC-4847-A280-B41FDC31639C}.Debug|iPhoneSimulator.ActiveCfg = Debug|iPhoneSimulator
		{5BA73FD6-CADC-4847-A280-B41FDC31639C}.Debug|iPhoneSimulator.Build.0 = Debug|iPhoneSimulator
		{5BA73FD6-CADC-4847-A280-B41FDC31639C}.Release|Any CPU.ActiveCfg = Release|iPhone
		{5BA73FD6-CADC-4847-A280-B41FDC31639C}.Release|iPhone.ActiveCfg = Release|iPhone
		{5BA73FD6-CADC-4847-A280-B41FDC31639C}.Release|iPhone.Build.0 = Release|iPhone
		{5BA73FD6-CADC-4847-A280-B41FDC31639C}.Release|iPhoneSimulator.ActiveCfg = Release|iPhoneSimulator
		{5BA73FD6-CADC-4847-A280-B41FDC31639C}.Release|iPhoneSimulator.Build.0 = Release|iPhoneSimulator
		{02867B8D-7E36-4952-ABDF-C6F060F17840}.Ad-Hoc|Any CPU.ActiveCfg = Release|Any CPU
		{02867B8D-7E36-4952-ABDF-C6F060F17840}.Ad-Hoc|Any CPU.Build.0 = Release|Any CPU
		{02867B8D-7E36-4952-ABDF-C6F060F17840}.Ad-Hoc|Any CPU.Deploy.0 = Release|Any CPU
		{02867B8D-7E36-4952-ABDF-C6F060F17840}.Ad-Hoc|iPhone.ActiveCfg = Release|Any CPU
		{02867B8D-7E36-4952-ABDF-C6F060F17840}.Ad-Hoc|iPhone.Build.0 = Release|Any CPU
		{02867B8D-7E36-4952-ABDF-C6F060F17840}.Ad-Hoc|iPhone.Deploy.0 = Release|Any CPU
		{02867B8D-7E36-4952-ABDF-C6F060F17840}.Ad-Hoc|iPhoneSimulator.ActiveCfg = Release|Any CPU
		{02867B8D-7E36-4952-ABDF-C6F060F17840}.Ad-Hoc|iPhoneSimulator.Build.0 = Release|Any CPU
		{02867B8D-7E36-4952-ABDF-C6F060F17840}.Ad-Hoc|iPhoneSimulator.Deploy.0 = Release|Any CPU
		{02867B8D-7E36-4952-ABDF-C6F060F17840}.AppStore|Any CPU.ActiveCfg = Release|Any CPU
		{02867B8D-7E36-4952-ABDF-C6F060F17840}.AppStore|Any CPU.Build.0 = Release|Any CPU
		{02867B8D-7E36-4952-ABDF-C6F060F17840}.AppStore|Any CPU.Deploy.0 = Release|Any CPU
		{02867B8D-7E36-4952-ABDF-C6F060F17840}.AppStore|iPhone.ActiveCfg = Release|Any CPU
		{02867B8D-7E36-4952-ABDF-C6F060F17840}.AppStore|iPhone.Build.0 = Release|Any CPU
		{02867B8D-7E36-4952-ABDF-C6F060F17840}.AppStore|iPhone.Deploy.0 = Release|Any CPU
		{02867B8D-7E36-4952-ABDF-C6F060F17840}.AppStore|iPhoneSimulator.ActiveCfg = Release|Any CPU
		{02867B8D-7E36-4952-ABDF-C6F060F17840}.AppStore|iPhoneSimulator.Build.0 = Release|Any CPU
		{02867B8D-7E36-4952-ABDF-C6F060F17840}.AppStore|iPhoneSimulator.Deploy.0 = Release|Any CPU
		{02867B8D-7E36-4952-ABDF-C6F060F17840}.Debug|Any CPU.ActiveCfg = Debug|Any CPU
		{02867B8D-7E36-4952-ABDF-C6F060F17840}.Debug|Any CPU.Build.0 = Debug|Any CPU
		{02867B8D-7E36-4952-ABDF-C6F060F17840}.Debug|Any CPU.Deploy.0 = Debug|Any CPU
		{02867B8D-7E36-4952-ABDF-C6F060F17840}.Debug|iPhone.ActiveCfg = Debug|Any CPU
		{02867B8D-7E36-4952-ABDF-C6F060F17840}.Debug|iPhone.Build.0 = Debug|Any CPU
		{02867B8D-7E36-4952-ABDF-C6F060F17840}.Debug|iPhone.Deploy.0 = Debug|Any CPU
		{02867B8D-7E36-4952-ABDF-C6F060F17840}.Debug|iPhoneSimulator.ActiveCfg = Debug|Any CPU
		{02867B8D-7E36-4952-ABDF-C6F060F17840}.Debug|iPhoneSimulator.Build.0 = Debug|Any CPU
		{02867B8D-7E36-4952-ABDF-C6F060F17840}.Debug|iPhoneSimulator.Deploy.0 = Debug|Any CPU
		{02867B8D-7E36-4952-ABDF-C6F060F17840}.Release|Any CPU.ActiveCfg = Release|Any CPU
		{02867B8D-7E36-4952-ABDF-C6F060F17840}.Release|Any CPU.Build.0 = Release|Any CPU
		{02867B8D-7E36-4952-ABDF-C6F060F17840}.Release|Any CPU.Deploy.0 = Release|Any CPU
		{02867B8D-7E36-4952-ABDF-C6F060F17840}.Release|iPhone.ActiveCfg = Release|Any CPU
		{02867B8D-7E36-4952-ABDF-C6F060F17840}.Release|iPhone.Build.0 = Release|Any CPU
		{02867B8D-7E36-4952-ABDF-C6F060F17840}.Release|iPhone.Deploy.0 = Release|Any CPU
		{02867B8D-7E36-4952-ABDF-C6F060F17840}.Release|iPhoneSimulator.ActiveCfg = Release|Any CPU
		{02867B8D-7E36-4952-ABDF-C6F060F17840}.Release|iPhoneSimulator.Build.0 = Release|Any CPU
		{02867B8D-7E36-4952-ABDF-C6F060F17840}.Release|iPhoneSimulator.Deploy.0 = Release|Any CPU
		{B24B0309-BE04-4791-8A2B-1E167215B738}.Ad-Hoc|Any CPU.ActiveCfg = Ad-Hoc|iPhone
		{B24B0309-BE04-4791-8A2B-1E167215B738}.Ad-Hoc|iPhone.ActiveCfg = Ad-Hoc|iPhone
		{B24B0309-BE04-4791-8A2B-1E167215B738}.Ad-Hoc|iPhone.Build.0 = Ad-Hoc|iPhone
		{B24B0309-BE04-4791-8A2B-1E167215B738}.Ad-Hoc|iPhoneSimulator.ActiveCfg = Ad-Hoc|iPhoneSimulator
		{B24B0309-BE04-4791-8A2B-1E167215B738}.Ad-Hoc|iPhoneSimulator.Build.0 = Ad-Hoc|iPhoneSimulator
		{B24B0309-BE04-4791-8A2B-1E167215B738}.AppStore|Any CPU.ActiveCfg = AppStore|iPhone
		{B24B0309-BE04-4791-8A2B-1E167215B738}.AppStore|iPhone.ActiveCfg = AppStore|iPhone
		{B24B0309-BE04-4791-8A2B-1E167215B738}.AppStore|iPhone.Build.0 = AppStore|iPhone
		{B24B0309-BE04-4791-8A2B-1E167215B738}.AppStore|iPhoneSimulator.ActiveCfg = AppStore|iPhoneSimulator
		{B24B0309-BE04-4791-8A2B-1E167215B738}.AppStore|iPhoneSimulator.Build.0 = AppStore|iPhoneSimulator
		{B24B0309-BE04-4791-8A2B-1E167215B738}.Debug|Any CPU.ActiveCfg = Debug|iPhone
		{B24B0309-BE04-4791-8A2B-1E167215B738}.Debug|iPhone.ActiveCfg = Debug|iPhone
		{B24B0309-BE04-4791-8A2B-1E167215B738}.Debug|iPhone.Build.0 = Debug|iPhone
		{B24B0309-BE04-4791-8A2B-1E167215B738}.Debug|iPhoneSimulator.ActiveCfg = Debug|iPhoneSimulator
		{B24B0309-BE04-4791-8A2B-1E167215B738}.Debug|iPhoneSimulator.Build.0 = Debug|iPhoneSimulator
		{B24B0309-BE04-4791-8A2B-1E167215B738}.Release|Any CPU.ActiveCfg = Release|iPhone
		{B24B0309-BE04-4791-8A2B-1E167215B738}.Release|iPhone.ActiveCfg = Release|iPhone
		{B24B0309-BE04-4791-8A2B-1E167215B738}.Release|iPhone.Build.0 = Release|iPhone
		{B24B0309-BE04-4791-8A2B-1E167215B738}.Release|iPhoneSimulator.ActiveCfg = Release|iPhoneSimulator
		{B24B0309-BE04-4791-8A2B-1E167215B738}.Release|iPhoneSimulator.Build.0 = Release|iPhoneSimulator
		{81FC88AB-CF50-4509-B9C0-4A78B80F1C4B}.Ad-Hoc|Any CPU.ActiveCfg = Release|Any CPU
		{81FC88AB-CF50-4509-B9C0-4A78B80F1C4B}.Ad-Hoc|Any CPU.Build.0 = Release|Any CPU
		{81FC88AB-CF50-4509-B9C0-4A78B80F1C4B}.Ad-Hoc|Any CPU.Deploy.0 = Release|Any CPU
		{81FC88AB-CF50-4509-B9C0-4A78B80F1C4B}.Ad-Hoc|iPhone.ActiveCfg = Release|Any CPU
		{81FC88AB-CF50-4509-B9C0-4A78B80F1C4B}.Ad-Hoc|iPhone.Build.0 = Release|Any CPU
		{81FC88AB-CF50-4509-B9C0-4A78B80F1C4B}.Ad-Hoc|iPhone.Deploy.0 = Release|Any CPU
		{81FC88AB-CF50-4509-B9C0-4A78B80F1C4B}.Ad-Hoc|iPhoneSimulator.ActiveCfg = Release|Any CPU
		{81FC88AB-CF50-4509-B9C0-4A78B80F1C4B}.Ad-Hoc|iPhoneSimulator.Build.0 = Release|Any CPU
		{81FC88AB-CF50-4509-B9C0-4A78B80F1C4B}.Ad-Hoc|iPhoneSimulator.Deploy.0 = Release|Any CPU
		{81FC88AB-CF50-4509-B9C0-4A78B80F1C4B}.AppStore|Any CPU.ActiveCfg = Release|Any CPU
		{81FC88AB-CF50-4509-B9C0-4A78B80F1C4B}.AppStore|Any CPU.Build.0 = Release|Any CPU
		{81FC88AB-CF50-4509-B9C0-4A78B80F1C4B}.AppStore|Any CPU.Deploy.0 = Release|Any CPU
		{81FC88AB-CF50-4509-B9C0-4A78B80F1C4B}.AppStore|iPhone.ActiveCfg = Release|Any CPU
		{81FC88AB-CF50-4509-B9C0-4A78B80F1C4B}.AppStore|iPhone.Build.0 = Release|Any CPU
		{81FC88AB-CF50-4509-B9C0-4A78B80F1C4B}.AppStore|iPhone.Deploy.0 = Release|Any CPU
		{81FC88AB-CF50-4509-B9C0-4A78B80F1C4B}.AppStore|iPhoneSimulator.ActiveCfg = Release|Any CPU
		{81FC88AB-CF50-4509-B9C0-4A78B80F1C4B}.AppStore|iPhoneSimulator.Build.0 = Release|Any CPU
		{81FC88AB-CF50-4509-B9C0-4A78B80F1C4B}.AppStore|iPhoneSimulator.Deploy.0 = Release|Any CPU
		{81FC88AB-CF50-4509-B9C0-4A78B80F1C4B}.Debug|Any CPU.ActiveCfg = Debug|Any CPU
		{81FC88AB-CF50-4509-B9C0-4A78B80F1C4B}.Debug|Any CPU.Build.0 = Debug|Any CPU
		{81FC88AB-CF50-4509-B9C0-4A78B80F1C4B}.Debug|Any CPU.Deploy.0 = Debug|Any CPU
		{81FC88AB-CF50-4509-B9C0-4A78B80F1C4B}.Debug|iPhone.ActiveCfg = Debug|Any CPU
		{81FC88AB-CF50-4509-B9C0-4A78B80F1C4B}.Debug|iPhone.Build.0 = Debug|Any CPU
		{81FC88AB-CF50-4509-B9C0-4A78B80F1C4B}.Debug|iPhone.Deploy.0 = Debug|Any CPU
		{81FC88AB-CF50-4509-B9C0-4A78B80F1C4B}.Debug|iPhoneSimulator.ActiveCfg = Debug|Any CPU
		{81FC88AB-CF50-4509-B9C0-4A78B80F1C4B}.Debug|iPhoneSimulator.Build.0 = Debug|Any CPU
		{81FC88AB-CF50-4509-B9C0-4A78B80F1C4B}.Debug|iPhoneSimulator.Deploy.0 = Debug|Any CPU
		{81FC88AB-CF50-4509-B9C0-4A78B80F1C4B}.Release|Any CPU.ActiveCfg = Release|Any CPU
		{81FC88AB-CF50-4509-B9C0-4A78B80F1C4B}.Release|Any CPU.Build.0 = Release|Any CPU
		{81FC88AB-CF50-4509-B9C0-4A78B80F1C4B}.Release|Any CPU.Deploy.0 = Release|Any CPU
		{81FC88AB-CF50-4509-B9C0-4A78B80F1C4B}.Release|iPhone.ActiveCfg = Release|Any CPU
		{81FC88AB-CF50-4509-B9C0-4A78B80F1C4B}.Release|iPhone.Build.0 = Release|Any CPU
		{81FC88AB-CF50-4509-B9C0-4A78B80F1C4B}.Release|iPhone.Deploy.0 = Release|Any CPU
		{81FC88AB-CF50-4509-B9C0-4A78B80F1C4B}.Release|iPhoneSimulator.ActiveCfg = Release|Any CPU
		{81FC88AB-CF50-4509-B9C0-4A78B80F1C4B}.Release|iPhoneSimulator.Build.0 = Release|Any CPU
		{81FC88AB-CF50-4509-B9C0-4A78B80F1C4B}.Release|iPhoneSimulator.Deploy.0 = Release|Any CPU
		{7194034D-068F-46EA-BC19-FE76B51D9FA0}.Ad-Hoc|Any CPU.ActiveCfg = Ad-Hoc|iPhone
		{7194034D-068F-46EA-BC19-FE76B51D9FA0}.Ad-Hoc|iPhone.ActiveCfg = Ad-Hoc|iPhone
		{7194034D-068F-46EA-BC19-FE76B51D9FA0}.Ad-Hoc|iPhone.Build.0 = Ad-Hoc|iPhone
		{7194034D-068F-46EA-BC19-FE76B51D9FA0}.Ad-Hoc|iPhoneSimulator.ActiveCfg = Ad-Hoc|iPhoneSimulator
		{7194034D-068F-46EA-BC19-FE76B51D9FA0}.Ad-Hoc|iPhoneSimulator.Build.0 = Ad-Hoc|iPhoneSimulator
		{7194034D-068F-46EA-BC19-FE76B51D9FA0}.AppStore|Any CPU.ActiveCfg = AppStore|iPhone
		{7194034D-068F-46EA-BC19-FE76B51D9FA0}.AppStore|iPhone.ActiveCfg = AppStore|iPhone
		{7194034D-068F-46EA-BC19-FE76B51D9FA0}.AppStore|iPhone.Build.0 = AppStore|iPhone
		{7194034D-068F-46EA-BC19-FE76B51D9FA0}.AppStore|iPhoneSimulator.ActiveCfg = AppStore|iPhoneSimulator
		{7194034D-068F-46EA-BC19-FE76B51D9FA0}.AppStore|iPhoneSimulator.Build.0 = AppStore|iPhoneSimulator
		{7194034D-068F-46EA-BC19-FE76B51D9FA0}.Debug|Any CPU.ActiveCfg = Debug|iPhone
		{7194034D-068F-46EA-BC19-FE76B51D9FA0}.Debug|iPhone.ActiveCfg = Debug|iPhone
		{7194034D-068F-46EA-BC19-FE76B51D9FA0}.Debug|iPhone.Build.0 = Debug|iPhone
		{7194034D-068F-46EA-BC19-FE76B51D9FA0}.Debug|iPhoneSimulator.ActiveCfg = Debug|iPhoneSimulator
		{7194034D-068F-46EA-BC19-FE76B51D9FA0}.Debug|iPhoneSimulator.Build.0 = Debug|iPhoneSimulator
		{7194034D-068F-46EA-BC19-FE76B51D9FA0}.Release|Any CPU.ActiveCfg = Release|iPhone
		{7194034D-068F-46EA-BC19-FE76B51D9FA0}.Release|iPhone.ActiveCfg = Release|iPhone
		{7194034D-068F-46EA-BC19-FE76B51D9FA0}.Release|iPhone.Build.0 = Release|iPhone
		{7194034D-068F-46EA-BC19-FE76B51D9FA0}.Release|iPhoneSimulator.ActiveCfg = Release|iPhoneSimulator
		{7194034D-068F-46EA-BC19-FE76B51D9FA0}.Release|iPhoneSimulator.Build.0 = Release|iPhoneSimulator
		{3CF56CAB-D530-42D4-8E18-43C99C681EF8}.Ad-Hoc|Any CPU.ActiveCfg = Release|Any CPU
		{3CF56CAB-D530-42D4-8E18-43C99C681EF8}.Ad-Hoc|Any CPU.Build.0 = Release|Any CPU
		{3CF56CAB-D530-42D4-8E18-43C99C681EF8}.Ad-Hoc|iPhone.ActiveCfg = Release|Any CPU
		{3CF56CAB-D530-42D4-8E18-43C99C681EF8}.Ad-Hoc|iPhone.Build.0 = Release|Any CPU
		{3CF56CAB-D530-42D4-8E18-43C99C681EF8}.Ad-Hoc|iPhoneSimulator.ActiveCfg = Release|Any CPU
		{3CF56CAB-D530-42D4-8E18-43C99C681EF8}.Ad-Hoc|iPhoneSimulator.Build.0 = Release|Any CPU
		{3CF56CAB-D530-42D4-8E18-43C99C681EF8}.AppStore|Any CPU.ActiveCfg = Release|Any CPU
		{3CF56CAB-D530-42D4-8E18-43C99C681EF8}.AppStore|Any CPU.Build.0 = Release|Any CPU
		{3CF56CAB-D530-42D4-8E18-43C99C681EF8}.AppStore|iPhone.ActiveCfg = Release|Any CPU
		{3CF56CAB-D530-42D4-8E18-43C99C681EF8}.AppStore|iPhone.Build.0 = Release|Any CPU
		{3CF56CAB-D530-42D4-8E18-43C99C681EF8}.AppStore|iPhoneSimulator.ActiveCfg = Release|Any CPU
		{3CF56CAB-D530-42D4-8E18-43C99C681EF8}.AppStore|iPhoneSimulator.Build.0 = Release|Any CPU
		{3CF56CAB-D530-42D4-8E18-43C99C681EF8}.Debug|Any CPU.ActiveCfg = Debug|Any CPU
		{3CF56CAB-D530-42D4-8E18-43C99C681EF8}.Debug|Any CPU.Build.0 = Debug|Any CPU
		{3CF56CAB-D530-42D4-8E18-43C99C681EF8}.Debug|iPhone.ActiveCfg = Debug|Any CPU
		{3CF56CAB-D530-42D4-8E18-43C99C681EF8}.Debug|iPhone.Build.0 = Debug|Any CPU
		{3CF56CAB-D530-42D4-8E18-43C99C681EF8}.Debug|iPhoneSimulator.ActiveCfg = Debug|Any CPU
		{3CF56CAB-D530-42D4-8E18-43C99C681EF8}.Debug|iPhoneSimulator.Build.0 = Debug|Any CPU
		{3CF56CAB-D530-42D4-8E18-43C99C681EF8}.Release|Any CPU.ActiveCfg = Release|Any CPU
		{3CF56CAB-D530-42D4-8E18-43C99C681EF8}.Release|Any CPU.Build.0 = Release|Any CPU
		{3CF56CAB-D530-42D4-8E18-43C99C681EF8}.Release|iPhone.ActiveCfg = Release|Any CPU
		{3CF56CAB-D530-42D4-8E18-43C99C681EF8}.Release|iPhone.Build.0 = Release|Any CPU
		{3CF56CAB-D530-42D4-8E18-43C99C681EF8}.Release|iPhoneSimulator.ActiveCfg = Release|Any CPU
		{3CF56CAB-D530-42D4-8E18-43C99C681EF8}.Release|iPhoneSimulator.Build.0 = Release|Any CPU
		{37D70A8E-2B5C-4424-BBD9-D704B5785C6E}.Ad-Hoc|Any CPU.ActiveCfg = Release|Any CPU
		{37D70A8E-2B5C-4424-BBD9-D704B5785C6E}.Ad-Hoc|Any CPU.Build.0 = Release|Any CPU
		{37D70A8E-2B5C-4424-BBD9-D704B5785C6E}.Ad-Hoc|iPhone.ActiveCfg = Release|Any CPU
		{37D70A8E-2B5C-4424-BBD9-D704B5785C6E}.Ad-Hoc|iPhone.Build.0 = Release|Any CPU
		{37D70A8E-2B5C-4424-BBD9-D704B5785C6E}.Ad-Hoc|iPhoneSimulator.ActiveCfg = Release|Any CPU
		{37D70A8E-2B5C-4424-BBD9-D704B5785C6E}.Ad-Hoc|iPhoneSimulator.Build.0 = Release|Any CPU
		{37D70A8E-2B5C-4424-BBD9-D704B5785C6E}.AppStore|Any CPU.ActiveCfg = Release|Any CPU
		{37D70A8E-2B5C-4424-BBD9-D704B5785C6E}.AppStore|Any CPU.Build.0 = Release|Any CPU
		{37D70A8E-2B5C-4424-BBD9-D704B5785C6E}.AppStore|iPhone.ActiveCfg = Release|Any CPU
		{37D70A8E-2B5C-4424-BBD9-D704B5785C6E}.AppStore|iPhone.Build.0 = Release|Any CPU
		{37D70A8E-2B5C-4424-BBD9-D704B5785C6E}.AppStore|iPhoneSimulator.ActiveCfg = Release|Any CPU
		{37D70A8E-2B5C-4424-BBD9-D704B5785C6E}.AppStore|iPhoneSimulator.Build.0 = Release|Any CPU
		{37D70A8E-2B5C-4424-BBD9-D704B5785C6E}.Debug|Any CPU.ActiveCfg = Debug|Any CPU
		{37D70A8E-2B5C-4424-BBD9-D704B5785C6E}.Debug|Any CPU.Build.0 = Debug|Any CPU
		{37D70A8E-2B5C-4424-BBD9-D704B5785C6E}.Debug|iPhone.ActiveCfg = Debug|Any CPU
		{37D70A8E-2B5C-4424-BBD9-D704B5785C6E}.Debug|iPhone.Build.0 = Debug|Any CPU
		{37D70A8E-2B5C-4424-BBD9-D704B5785C6E}.Debug|iPhoneSimulator.ActiveCfg = Debug|Any CPU
		{37D70A8E-2B5C-4424-BBD9-D704B5785C6E}.Debug|iPhoneSimulator.Build.0 = Debug|Any CPU
		{37D70A8E-2B5C-4424-BBD9-D704B5785C6E}.Release|Any CPU.ActiveCfg = Release|Any CPU
		{37D70A8E-2B5C-4424-BBD9-D704B5785C6E}.Release|Any CPU.Build.0 = Release|Any CPU
		{37D70A8E-2B5C-4424-BBD9-D704B5785C6E}.Release|iPhone.ActiveCfg = Release|Any CPU
		{37D70A8E-2B5C-4424-BBD9-D704B5785C6E}.Release|iPhone.Build.0 = Release|Any CPU
		{37D70A8E-2B5C-4424-BBD9-D704B5785C6E}.Release|iPhoneSimulator.ActiveCfg = Release|Any CPU
		{37D70A8E-2B5C-4424-BBD9-D704B5785C6E}.Release|iPhoneSimulator.Build.0 = Release|Any CPU
		{D1B44889-D096-4C57-9A40-A227E736FA39}.Ad-Hoc|Any CPU.ActiveCfg = Release|Any CPU
		{D1B44889-D096-4C57-9A40-A227E736FA39}.Ad-Hoc|Any CPU.Build.0 = Release|Any CPU
		{D1B44889-D096-4C57-9A40-A227E736FA39}.Ad-Hoc|iPhone.ActiveCfg = Release|Any CPU
		{D1B44889-D096-4C57-9A40-A227E736FA39}.Ad-Hoc|iPhone.Build.0 = Release|Any CPU
		{D1B44889-D096-4C57-9A40-A227E736FA39}.Ad-Hoc|iPhoneSimulator.ActiveCfg = Release|Any CPU
		{D1B44889-D096-4C57-9A40-A227E736FA39}.Ad-Hoc|iPhoneSimulator.Build.0 = Release|Any CPU
		{D1B44889-D096-4C57-9A40-A227E736FA39}.AppStore|Any CPU.ActiveCfg = Release|Any CPU
		{D1B44889-D096-4C57-9A40-A227E736FA39}.AppStore|Any CPU.Build.0 = Release|Any CPU
		{D1B44889-D096-4C57-9A40-A227E736FA39}.AppStore|iPhone.ActiveCfg = Release|Any CPU
		{D1B44889-D096-4C57-9A40-A227E736FA39}.AppStore|iPhone.Build.0 = Release|Any CPU
		{D1B44889-D096-4C57-9A40-A227E736FA39}.AppStore|iPhoneSimulator.ActiveCfg = Release|Any CPU
		{D1B44889-D096-4C57-9A40-A227E736FA39}.AppStore|iPhoneSimulator.Build.0 = Release|Any CPU
		{D1B44889-D096-4C57-9A40-A227E736FA39}.Debug|Any CPU.ActiveCfg = Debug|Any CPU
		{D1B44889-D096-4C57-9A40-A227E736FA39}.Debug|Any CPU.Build.0 = Debug|Any CPU
		{D1B44889-D096-4C57-9A40-A227E736FA39}.Debug|iPhone.ActiveCfg = Debug|Any CPU
		{D1B44889-D096-4C57-9A40-A227E736FA39}.Debug|iPhone.Build.0 = Debug|Any CPU
		{D1B44889-D096-4C57-9A40-A227E736FA39}.Debug|iPhoneSimulator.ActiveCfg = Debug|Any CPU
		{D1B44889-D096-4C57-9A40-A227E736FA39}.Debug|iPhoneSimulator.Build.0 = Debug|Any CPU
		{D1B44889-D096-4C57-9A40-A227E736FA39}.Release|Any CPU.ActiveCfg = Release|Any CPU
		{D1B44889-D096-4C57-9A40-A227E736FA39}.Release|Any CPU.Build.0 = Release|Any CPU
		{D1B44889-D096-4C57-9A40-A227E736FA39}.Release|iPhone.ActiveCfg = Release|Any CPU
		{D1B44889-D096-4C57-9A40-A227E736FA39}.Release|iPhone.Build.0 = Release|Any CPU
		{D1B44889-D096-4C57-9A40-A227E736FA39}.Release|iPhoneSimulator.ActiveCfg = Release|Any CPU
		{D1B44889-D096-4C57-9A40-A227E736FA39}.Release|iPhoneSimulator.Build.0 = Release|Any CPU
		{25CA9935-9D3B-43E2-B1F7-3287B04CA0C4}.Ad-Hoc|Any CPU.ActiveCfg = Release|Any CPU
		{25CA9935-9D3B-43E2-B1F7-3287B04CA0C4}.Ad-Hoc|Any CPU.Build.0 = Release|Any CPU
		{25CA9935-9D3B-43E2-B1F7-3287B04CA0C4}.Ad-Hoc|iPhone.ActiveCfg = Release|Any CPU
		{25CA9935-9D3B-43E2-B1F7-3287B04CA0C4}.Ad-Hoc|iPhone.Build.0 = Release|Any CPU
		{25CA9935-9D3B-43E2-B1F7-3287B04CA0C4}.Ad-Hoc|iPhoneSimulator.ActiveCfg = Release|Any CPU
		{25CA9935-9D3B-43E2-B1F7-3287B04CA0C4}.Ad-Hoc|iPhoneSimulator.Build.0 = Release|Any CPU
		{25CA9935-9D3B-43E2-B1F7-3287B04CA0C4}.AppStore|Any CPU.ActiveCfg = Release|Any CPU
		{25CA9935-9D3B-43E2-B1F7-3287B04CA0C4}.AppStore|Any CPU.Build.0 = Release|Any CPU
		{25CA9935-9D3B-43E2-B1F7-3287B04CA0C4}.AppStore|iPhone.ActiveCfg = Release|Any CPU
		{25CA9935-9D3B-43E2-B1F7-3287B04CA0C4}.AppStore|iPhone.Build.0 = Release|Any CPU
		{25CA9935-9D3B-43E2-B1F7-3287B04CA0C4}.AppStore|iPhoneSimulator.ActiveCfg = Release|Any CPU
		{25CA9935-9D3B-43E2-B1F7-3287B04CA0C4}.AppStore|iPhoneSimulator.Build.0 = Release|Any CPU
		{25CA9935-9D3B-43E2-B1F7-3287B04CA0C4}.Debug|Any CPU.ActiveCfg = Debug|Any CPU
		{25CA9935-9D3B-43E2-B1F7-3287B04CA0C4}.Debug|Any CPU.Build.0 = Debug|Any CPU
		{25CA9935-9D3B-43E2-B1F7-3287B04CA0C4}.Debug|iPhone.ActiveCfg = Debug|Any CPU
		{25CA9935-9D3B-43E2-B1F7-3287B04CA0C4}.Debug|iPhone.Build.0 = Debug|Any CPU
		{25CA9935-9D3B-43E2-B1F7-3287B04CA0C4}.Debug|iPhoneSimulator.ActiveCfg = Debug|Any CPU
		{25CA9935-9D3B-43E2-B1F7-3287B04CA0C4}.Debug|iPhoneSimulator.Build.0 = Debug|Any CPU
		{25CA9935-9D3B-43E2-B1F7-3287B04CA0C4}.Release|Any CPU.ActiveCfg = Release|Any CPU
		{25CA9935-9D3B-43E2-B1F7-3287B04CA0C4}.Release|Any CPU.Build.0 = Release|Any CPU
		{25CA9935-9D3B-43E2-B1F7-3287B04CA0C4}.Release|iPhone.ActiveCfg = Release|Any CPU
		{25CA9935-9D3B-43E2-B1F7-3287B04CA0C4}.Release|iPhone.Build.0 = Release|Any CPU
		{25CA9935-9D3B-43E2-B1F7-3287B04CA0C4}.Release|iPhoneSimulator.ActiveCfg = Release|Any CPU
		{25CA9935-9D3B-43E2-B1F7-3287B04CA0C4}.Release|iPhoneSimulator.Build.0 = Release|Any CPU
		{74886E69-AF5D-48E5-9309-87E987134B1F}.Ad-Hoc|Any CPU.ActiveCfg = Release|Any CPU
		{74886E69-AF5D-48E5-9309-87E987134B1F}.Ad-Hoc|Any CPU.Build.0 = Release|Any CPU
		{74886E69-AF5D-48E5-9309-87E987134B1F}.Ad-Hoc|iPhone.ActiveCfg = Release|Any CPU
		{74886E69-AF5D-48E5-9309-87E987134B1F}.Ad-Hoc|iPhone.Build.0 = Release|Any CPU
		{74886E69-AF5D-48E5-9309-87E987134B1F}.Ad-Hoc|iPhoneSimulator.ActiveCfg = Release|Any CPU
		{74886E69-AF5D-48E5-9309-87E987134B1F}.Ad-Hoc|iPhoneSimulator.Build.0 = Release|Any CPU
		{74886E69-AF5D-48E5-9309-87E987134B1F}.AppStore|Any CPU.ActiveCfg = Release|Any CPU
		{74886E69-AF5D-48E5-9309-87E987134B1F}.AppStore|Any CPU.Build.0 = Release|Any CPU
		{74886E69-AF5D-48E5-9309-87E987134B1F}.AppStore|iPhone.ActiveCfg = Release|Any CPU
		{74886E69-AF5D-48E5-9309-87E987134B1F}.AppStore|iPhone.Build.0 = Release|Any CPU
		{74886E69-AF5D-48E5-9309-87E987134B1F}.AppStore|iPhoneSimulator.ActiveCfg = Release|Any CPU
		{74886E69-AF5D-48E5-9309-87E987134B1F}.AppStore|iPhoneSimulator.Build.0 = Release|Any CPU
		{74886E69-AF5D-48E5-9309-87E987134B1F}.Debug|Any CPU.ActiveCfg = Debug|Any CPU
		{74886E69-AF5D-48E5-9309-87E987134B1F}.Debug|Any CPU.Build.0 = Debug|Any CPU
		{74886E69-AF5D-48E5-9309-87E987134B1F}.Debug|iPhone.ActiveCfg = Debug|Any CPU
		{74886E69-AF5D-48E5-9309-87E987134B1F}.Debug|iPhone.Build.0 = Debug|Any CPU
		{74886E69-AF5D-48E5-9309-87E987134B1F}.Debug|iPhoneSimulator.ActiveCfg = Debug|Any CPU
		{74886E69-AF5D-48E5-9309-87E987134B1F}.Debug|iPhoneSimulator.Build.0 = Debug|Any CPU
		{74886E69-AF5D-48E5-9309-87E987134B1F}.Release|Any CPU.ActiveCfg = Release|Any CPU
		{74886E69-AF5D-48E5-9309-87E987134B1F}.Release|Any CPU.Build.0 = Release|Any CPU
		{74886E69-AF5D-48E5-9309-87E987134B1F}.Release|iPhone.ActiveCfg = Release|Any CPU
		{74886E69-AF5D-48E5-9309-87E987134B1F}.Release|iPhone.Build.0 = Release|Any CPU
		{74886E69-AF5D-48E5-9309-87E987134B1F}.Release|iPhoneSimulator.ActiveCfg = Release|Any CPU
		{74886E69-AF5D-48E5-9309-87E987134B1F}.Release|iPhoneSimulator.Build.0 = Release|Any CPU
		{E707B525-9DA0-466B-B742-8419818D751C}.Ad-Hoc|Any CPU.ActiveCfg = Release|Any CPU
		{E707B525-9DA0-466B-B742-8419818D751C}.Ad-Hoc|Any CPU.Build.0 = Release|Any CPU
		{E707B525-9DA0-466B-B742-8419818D751C}.Ad-Hoc|iPhone.ActiveCfg = Release|Any CPU
		{E707B525-9DA0-466B-B742-8419818D751C}.Ad-Hoc|iPhone.Build.0 = Release|Any CPU
		{E707B525-9DA0-466B-B742-8419818D751C}.Ad-Hoc|iPhoneSimulator.ActiveCfg = Release|Any CPU
		{E707B525-9DA0-466B-B742-8419818D751C}.Ad-Hoc|iPhoneSimulator.Build.0 = Release|Any CPU
		{E707B525-9DA0-466B-B742-8419818D751C}.AppStore|Any CPU.ActiveCfg = Release|Any CPU
		{E707B525-9DA0-466B-B742-8419818D751C}.AppStore|Any CPU.Build.0 = Release|Any CPU
		{E707B525-9DA0-466B-B742-8419818D751C}.AppStore|iPhone.ActiveCfg = Release|Any CPU
		{E707B525-9DA0-466B-B742-8419818D751C}.AppStore|iPhone.Build.0 = Release|Any CPU
		{E707B525-9DA0-466B-B742-8419818D751C}.AppStore|iPhoneSimulator.ActiveCfg = Release|Any CPU
		{E707B525-9DA0-466B-B742-8419818D751C}.AppStore|iPhoneSimulator.Build.0 = Release|Any CPU
		{E707B525-9DA0-466B-B742-8419818D751C}.Debug|Any CPU.ActiveCfg = Debug|Any CPU
		{E707B525-9DA0-466B-B742-8419818D751C}.Debug|Any CPU.Build.0 = Debug|Any CPU
		{E707B525-9DA0-466B-B742-8419818D751C}.Debug|iPhone.ActiveCfg = Debug|Any CPU
		{E707B525-9DA0-466B-B742-8419818D751C}.Debug|iPhone.Build.0 = Debug|Any CPU
		{E707B525-9DA0-466B-B742-8419818D751C}.Debug|iPhoneSimulator.ActiveCfg = Debug|Any CPU
		{E707B525-9DA0-466B-B742-8419818D751C}.Debug|iPhoneSimulator.Build.0 = Debug|Any CPU
		{E707B525-9DA0-466B-B742-8419818D751C}.Release|Any CPU.ActiveCfg = Release|Any CPU
		{E707B525-9DA0-466B-B742-8419818D751C}.Release|Any CPU.Build.0 = Release|Any CPU
		{E707B525-9DA0-466B-B742-8419818D751C}.Release|iPhone.ActiveCfg = Release|Any CPU
		{E707B525-9DA0-466B-B742-8419818D751C}.Release|iPhone.Build.0 = Release|Any CPU
		{E707B525-9DA0-466B-B742-8419818D751C}.Release|iPhoneSimulator.ActiveCfg = Release|Any CPU
		{E707B525-9DA0-466B-B742-8419818D751C}.Release|iPhoneSimulator.Build.0 = Release|Any CPU
		{A2D3790D-1E5F-450B-A9EF-65475E57B8DD}.Ad-Hoc|Any CPU.ActiveCfg = Release|Any CPU
		{A2D3790D-1E5F-450B-A9EF-65475E57B8DD}.Ad-Hoc|Any CPU.Build.0 = Release|Any CPU
		{A2D3790D-1E5F-450B-A9EF-65475E57B8DD}.Ad-Hoc|iPhone.ActiveCfg = Release|Any CPU
		{A2D3790D-1E5F-450B-A9EF-65475E57B8DD}.Ad-Hoc|iPhone.Build.0 = Release|Any CPU
		{A2D3790D-1E5F-450B-A9EF-65475E57B8DD}.Ad-Hoc|iPhoneSimulator.ActiveCfg = Release|Any CPU
		{A2D3790D-1E5F-450B-A9EF-65475E57B8DD}.Ad-Hoc|iPhoneSimulator.Build.0 = Release|Any CPU
		{A2D3790D-1E5F-450B-A9EF-65475E57B8DD}.AppStore|Any CPU.ActiveCfg = Release|Any CPU
		{A2D3790D-1E5F-450B-A9EF-65475E57B8DD}.AppStore|Any CPU.Build.0 = Release|Any CPU
		{A2D3790D-1E5F-450B-A9EF-65475E57B8DD}.AppStore|iPhone.ActiveCfg = Release|Any CPU
		{A2D3790D-1E5F-450B-A9EF-65475E57B8DD}.AppStore|iPhone.Build.0 = Release|Any CPU
		{A2D3790D-1E5F-450B-A9EF-65475E57B8DD}.AppStore|iPhoneSimulator.ActiveCfg = Release|Any CPU
		{A2D3790D-1E5F-450B-A9EF-65475E57B8DD}.AppStore|iPhoneSimulator.Build.0 = Release|Any CPU
		{A2D3790D-1E5F-450B-A9EF-65475E57B8DD}.Debug|Any CPU.ActiveCfg = Debug|Any CPU
		{A2D3790D-1E5F-450B-A9EF-65475E57B8DD}.Debug|Any CPU.Build.0 = Debug|Any CPU
		{A2D3790D-1E5F-450B-A9EF-65475E57B8DD}.Debug|iPhone.ActiveCfg = Debug|Any CPU
		{A2D3790D-1E5F-450B-A9EF-65475E57B8DD}.Debug|iPhone.Build.0 = Debug|Any CPU
		{A2D3790D-1E5F-450B-A9EF-65475E57B8DD}.Debug|iPhoneSimulator.ActiveCfg = Debug|Any CPU
		{A2D3790D-1E5F-450B-A9EF-65475E57B8DD}.Debug|iPhoneSimulator.Build.0 = Debug|Any CPU
		{A2D3790D-1E5F-450B-A9EF-65475E57B8DD}.Release|Any CPU.ActiveCfg = Release|Any CPU
		{A2D3790D-1E5F-450B-A9EF-65475E57B8DD}.Release|Any CPU.Build.0 = Release|Any CPU
		{A2D3790D-1E5F-450B-A9EF-65475E57B8DD}.Release|iPhone.ActiveCfg = Release|Any CPU
		{A2D3790D-1E5F-450B-A9EF-65475E57B8DD}.Release|iPhone.Build.0 = Release|Any CPU
		{A2D3790D-1E5F-450B-A9EF-65475E57B8DD}.Release|iPhoneSimulator.ActiveCfg = Release|Any CPU
		{A2D3790D-1E5F-450B-A9EF-65475E57B8DD}.Release|iPhoneSimulator.Build.0 = Release|Any CPU
		{05D777D4-7BD4-4E7B-8258-00451C2D7B07}.Ad-Hoc|Any CPU.ActiveCfg = Release|Any CPU
		{05D777D4-7BD4-4E7B-8258-00451C2D7B07}.Ad-Hoc|Any CPU.Build.0 = Release|Any CPU
		{05D777D4-7BD4-4E7B-8258-00451C2D7B07}.Ad-Hoc|iPhone.ActiveCfg = Release|Any CPU
		{05D777D4-7BD4-4E7B-8258-00451C2D7B07}.Ad-Hoc|iPhone.Build.0 = Release|Any CPU
		{05D777D4-7BD4-4E7B-8258-00451C2D7B07}.Ad-Hoc|iPhoneSimulator.ActiveCfg = Release|Any CPU
		{05D777D4-7BD4-4E7B-8258-00451C2D7B07}.Ad-Hoc|iPhoneSimulator.Build.0 = Release|Any CPU
		{05D777D4-7BD4-4E7B-8258-00451C2D7B07}.AppStore|Any CPU.ActiveCfg = Release|Any CPU
		{05D777D4-7BD4-4E7B-8258-00451C2D7B07}.AppStore|Any CPU.Build.0 = Release|Any CPU
		{05D777D4-7BD4-4E7B-8258-00451C2D7B07}.AppStore|iPhone.ActiveCfg = Release|Any CPU
		{05D777D4-7BD4-4E7B-8258-00451C2D7B07}.AppStore|iPhone.Build.0 = Release|Any CPU
		{05D777D4-7BD4-4E7B-8258-00451C2D7B07}.AppStore|iPhoneSimulator.ActiveCfg = Release|Any CPU
		{05D777D4-7BD4-4E7B-8258-00451C2D7B07}.AppStore|iPhoneSimulator.Build.0 = Release|Any CPU
		{05D777D4-7BD4-4E7B-8258-00451C2D7B07}.Debug|Any CPU.ActiveCfg = Debug|Any CPU
		{05D777D4-7BD4-4E7B-8258-00451C2D7B07}.Debug|Any CPU.Build.0 = Debug|Any CPU
		{05D777D4-7BD4-4E7B-8258-00451C2D7B07}.Debug|iPhone.ActiveCfg = Debug|Any CPU
		{05D777D4-7BD4-4E7B-8258-00451C2D7B07}.Debug|iPhone.Build.0 = Debug|Any CPU
		{05D777D4-7BD4-4E7B-8258-00451C2D7B07}.Debug|iPhoneSimulator.ActiveCfg = Debug|Any CPU
		{05D777D4-7BD4-4E7B-8258-00451C2D7B07}.Debug|iPhoneSimulator.Build.0 = Debug|Any CPU
		{05D777D4-7BD4-4E7B-8258-00451C2D7B07}.Release|Any CPU.ActiveCfg = Release|Any CPU
		{05D777D4-7BD4-4E7B-8258-00451C2D7B07}.Release|Any CPU.Build.0 = Release|Any CPU
		{05D777D4-7BD4-4E7B-8258-00451C2D7B07}.Release|iPhone.ActiveCfg = Release|Any CPU
		{05D777D4-7BD4-4E7B-8258-00451C2D7B07}.Release|iPhone.Build.0 = Release|Any CPU
		{05D777D4-7BD4-4E7B-8258-00451C2D7B07}.Release|iPhoneSimulator.ActiveCfg = Release|Any CPU
		{05D777D4-7BD4-4E7B-8258-00451C2D7B07}.Release|iPhoneSimulator.Build.0 = Release|Any CPU
		{68FC2F80-6F01-446F-9421-DC9EDE5FF669}.Ad-Hoc|Any CPU.ActiveCfg = Release|Any CPU
		{68FC2F80-6F01-446F-9421-DC9EDE5FF669}.Ad-Hoc|Any CPU.Build.0 = Release|Any CPU
		{68FC2F80-6F01-446F-9421-DC9EDE5FF669}.Ad-Hoc|iPhone.ActiveCfg = Release|Any CPU
		{68FC2F80-6F01-446F-9421-DC9EDE5FF669}.Ad-Hoc|iPhone.Build.0 = Release|Any CPU
		{68FC2F80-6F01-446F-9421-DC9EDE5FF669}.Ad-Hoc|iPhoneSimulator.ActiveCfg = Release|Any CPU
		{68FC2F80-6F01-446F-9421-DC9EDE5FF669}.Ad-Hoc|iPhoneSimulator.Build.0 = Release|Any CPU
		{68FC2F80-6F01-446F-9421-DC9EDE5FF669}.AppStore|Any CPU.ActiveCfg = Release|Any CPU
		{68FC2F80-6F01-446F-9421-DC9EDE5FF669}.AppStore|Any CPU.Build.0 = Release|Any CPU
		{68FC2F80-6F01-446F-9421-DC9EDE5FF669}.AppStore|iPhone.ActiveCfg = Release|Any CPU
		{68FC2F80-6F01-446F-9421-DC9EDE5FF669}.AppStore|iPhone.Build.0 = Release|Any CPU
		{68FC2F80-6F01-446F-9421-DC9EDE5FF669}.AppStore|iPhoneSimulator.ActiveCfg = Release|Any CPU
		{68FC2F80-6F01-446F-9421-DC9EDE5FF669}.AppStore|iPhoneSimulator.Build.0 = Release|Any CPU
		{68FC2F80-6F01-446F-9421-DC9EDE5FF669}.Debug|Any CPU.ActiveCfg = Debug|Any CPU
		{68FC2F80-6F01-446F-9421-DC9EDE5FF669}.Debug|Any CPU.Build.0 = Debug|Any CPU
		{68FC2F80-6F01-446F-9421-DC9EDE5FF669}.Debug|iPhone.ActiveCfg = Debug|Any CPU
		{68FC2F80-6F01-446F-9421-DC9EDE5FF669}.Debug|iPhone.Build.0 = Debug|Any CPU
		{68FC2F80-6F01-446F-9421-DC9EDE5FF669}.Debug|iPhoneSimulator.ActiveCfg = Debug|Any CPU
		{68FC2F80-6F01-446F-9421-DC9EDE5FF669}.Debug|iPhoneSimulator.Build.0 = Debug|Any CPU
		{68FC2F80-6F01-446F-9421-DC9EDE5FF669}.Release|Any CPU.ActiveCfg = Release|Any CPU
		{68FC2F80-6F01-446F-9421-DC9EDE5FF669}.Release|Any CPU.Build.0 = Release|Any CPU
		{68FC2F80-6F01-446F-9421-DC9EDE5FF669}.Release|iPhone.ActiveCfg = Release|Any CPU
		{68FC2F80-6F01-446F-9421-DC9EDE5FF669}.Release|iPhone.Build.0 = Release|Any CPU
		{68FC2F80-6F01-446F-9421-DC9EDE5FF669}.Release|iPhoneSimulator.ActiveCfg = Release|Any CPU
		{68FC2F80-6F01-446F-9421-DC9EDE5FF669}.Release|iPhoneSimulator.Build.0 = Release|Any CPU
		{9ACFEDD7-BCF1-4524-BAB4-788D85FFC890}.Ad-Hoc|Any CPU.ActiveCfg = Release|Any CPU
		{9ACFEDD7-BCF1-4524-BAB4-788D85FFC890}.Ad-Hoc|Any CPU.Build.0 = Release|Any CPU
		{9ACFEDD7-BCF1-4524-BAB4-788D85FFC890}.Ad-Hoc|iPhone.ActiveCfg = Release|Any CPU
		{9ACFEDD7-BCF1-4524-BAB4-788D85FFC890}.Ad-Hoc|iPhone.Build.0 = Release|Any CPU
		{9ACFEDD7-BCF1-4524-BAB4-788D85FFC890}.Ad-Hoc|iPhoneSimulator.ActiveCfg = Release|Any CPU
		{9ACFEDD7-BCF1-4524-BAB4-788D85FFC890}.Ad-Hoc|iPhoneSimulator.Build.0 = Release|Any CPU
		{9ACFEDD7-BCF1-4524-BAB4-788D85FFC890}.AppStore|Any CPU.ActiveCfg = Release|Any CPU
		{9ACFEDD7-BCF1-4524-BAB4-788D85FFC890}.AppStore|Any CPU.Build.0 = Release|Any CPU
		{9ACFEDD7-BCF1-4524-BAB4-788D85FFC890}.AppStore|iPhone.ActiveCfg = Release|Any CPU
		{9ACFEDD7-BCF1-4524-BAB4-788D85FFC890}.AppStore|iPhone.Build.0 = Release|Any CPU
		{9ACFEDD7-BCF1-4524-BAB4-788D85FFC890}.AppStore|iPhoneSimulator.ActiveCfg = Release|Any CPU
		{9ACFEDD7-BCF1-4524-BAB4-788D85FFC890}.AppStore|iPhoneSimulator.Build.0 = Release|Any CPU
		{9ACFEDD7-BCF1-4524-BAB4-788D85FFC890}.Debug|Any CPU.ActiveCfg = Debug|Any CPU
		{9ACFEDD7-BCF1-4524-BAB4-788D85FFC890}.Debug|Any CPU.Build.0 = Debug|Any CPU
		{9ACFEDD7-BCF1-4524-BAB4-788D85FFC890}.Debug|iPhone.ActiveCfg = Debug|Any CPU
		{9ACFEDD7-BCF1-4524-BAB4-788D85FFC890}.Debug|iPhone.Build.0 = Debug|Any CPU
		{9ACFEDD7-BCF1-4524-BAB4-788D85FFC890}.Debug|iPhoneSimulator.ActiveCfg = Debug|Any CPU
		{9ACFEDD7-BCF1-4524-BAB4-788D85FFC890}.Debug|iPhoneSimulator.Build.0 = Debug|Any CPU
		{9ACFEDD7-BCF1-4524-BAB4-788D85FFC890}.Release|Any CPU.ActiveCfg = Release|Any CPU
		{9ACFEDD7-BCF1-4524-BAB4-788D85FFC890}.Release|Any CPU.Build.0 = Release|Any CPU
		{9ACFEDD7-BCF1-4524-BAB4-788D85FFC890}.Release|iPhone.ActiveCfg = Release|Any CPU
		{9ACFEDD7-BCF1-4524-BAB4-788D85FFC890}.Release|iPhone.Build.0 = Release|Any CPU
		{9ACFEDD7-BCF1-4524-BAB4-788D85FFC890}.Release|iPhoneSimulator.ActiveCfg = Release|Any CPU
		{9ACFEDD7-BCF1-4524-BAB4-788D85FFC890}.Release|iPhoneSimulator.Build.0 = Release|Any CPU
		{2901595F-77C9-4088-B4DC-5CA7E2E2EB44}.Ad-Hoc|Any CPU.ActiveCfg = Release|Any CPU
		{2901595F-77C9-4088-B4DC-5CA7E2E2EB44}.Ad-Hoc|Any CPU.Build.0 = Release|Any CPU
		{2901595F-77C9-4088-B4DC-5CA7E2E2EB44}.Ad-Hoc|iPhone.ActiveCfg = Release|Any CPU
		{2901595F-77C9-4088-B4DC-5CA7E2E2EB44}.Ad-Hoc|iPhone.Build.0 = Release|Any CPU
		{2901595F-77C9-4088-B4DC-5CA7E2E2EB44}.Ad-Hoc|iPhoneSimulator.ActiveCfg = Release|Any CPU
		{2901595F-77C9-4088-B4DC-5CA7E2E2EB44}.Ad-Hoc|iPhoneSimulator.Build.0 = Release|Any CPU
		{2901595F-77C9-4088-B4DC-5CA7E2E2EB44}.AppStore|Any CPU.ActiveCfg = Release|Any CPU
		{2901595F-77C9-4088-B4DC-5CA7E2E2EB44}.AppStore|Any CPU.Build.0 = Release|Any CPU
		{2901595F-77C9-4088-B4DC-5CA7E2E2EB44}.AppStore|iPhone.ActiveCfg = Release|Any CPU
		{2901595F-77C9-4088-B4DC-5CA7E2E2EB44}.AppStore|iPhone.Build.0 = Release|Any CPU
		{2901595F-77C9-4088-B4DC-5CA7E2E2EB44}.AppStore|iPhoneSimulator.ActiveCfg = Release|Any CPU
		{2901595F-77C9-4088-B4DC-5CA7E2E2EB44}.AppStore|iPhoneSimulator.Build.0 = Release|Any CPU
		{2901595F-77C9-4088-B4DC-5CA7E2E2EB44}.Debug|Any CPU.ActiveCfg = Debug|Any CPU
		{2901595F-77C9-4088-B4DC-5CA7E2E2EB44}.Debug|Any CPU.Build.0 = Debug|Any CPU
		{2901595F-77C9-4088-B4DC-5CA7E2E2EB44}.Debug|iPhone.ActiveCfg = Debug|Any CPU
		{2901595F-77C9-4088-B4DC-5CA7E2E2EB44}.Debug|iPhone.Build.0 = Debug|Any CPU
		{2901595F-77C9-4088-B4DC-5CA7E2E2EB44}.Debug|iPhoneSimulator.ActiveCfg = Debug|Any CPU
		{2901595F-77C9-4088-B4DC-5CA7E2E2EB44}.Debug|iPhoneSimulator.Build.0 = Debug|Any CPU
		{2901595F-77C9-4088-B4DC-5CA7E2E2EB44}.Release|Any CPU.ActiveCfg = Release|Any CPU
		{2901595F-77C9-4088-B4DC-5CA7E2E2EB44}.Release|Any CPU.Build.0 = Release|Any CPU
		{2901595F-77C9-4088-B4DC-5CA7E2E2EB44}.Release|iPhone.ActiveCfg = Release|Any CPU
		{2901595F-77C9-4088-B4DC-5CA7E2E2EB44}.Release|iPhone.Build.0 = Release|Any CPU
		{2901595F-77C9-4088-B4DC-5CA7E2E2EB44}.Release|iPhoneSimulator.ActiveCfg = Release|Any CPU
		{2901595F-77C9-4088-B4DC-5CA7E2E2EB44}.Release|iPhoneSimulator.Build.0 = Release|Any CPU
		{C4B7F6B1-4581-46FF-9C75-74FF56FD6281}.Ad-Hoc|Any CPU.ActiveCfg = Release|Any CPU
		{C4B7F6B1-4581-46FF-9C75-74FF56FD6281}.Ad-Hoc|Any CPU.Build.0 = Release|Any CPU
		{C4B7F6B1-4581-46FF-9C75-74FF56FD6281}.Ad-Hoc|iPhone.ActiveCfg = Release|Any CPU
		{C4B7F6B1-4581-46FF-9C75-74FF56FD6281}.Ad-Hoc|iPhone.Build.0 = Release|Any CPU
		{C4B7F6B1-4581-46FF-9C75-74FF56FD6281}.Ad-Hoc|iPhoneSimulator.ActiveCfg = Release|Any CPU
		{C4B7F6B1-4581-46FF-9C75-74FF56FD6281}.Ad-Hoc|iPhoneSimulator.Build.0 = Release|Any CPU
		{C4B7F6B1-4581-46FF-9C75-74FF56FD6281}.AppStore|Any CPU.ActiveCfg = Release|Any CPU
		{C4B7F6B1-4581-46FF-9C75-74FF56FD6281}.AppStore|Any CPU.Build.0 = Release|Any CPU
		{C4B7F6B1-4581-46FF-9C75-74FF56FD6281}.AppStore|iPhone.ActiveCfg = Release|Any CPU
		{C4B7F6B1-4581-46FF-9C75-74FF56FD6281}.AppStore|iPhone.Build.0 = Release|Any CPU
		{C4B7F6B1-4581-46FF-9C75-74FF56FD6281}.AppStore|iPhoneSimulator.ActiveCfg = Release|Any CPU
		{C4B7F6B1-4581-46FF-9C75-74FF56FD6281}.AppStore|iPhoneSimulator.Build.0 = Release|Any CPU
		{C4B7F6B1-4581-46FF-9C75-74FF56FD6281}.Debug|Any CPU.ActiveCfg = Debug|Any CPU
		{C4B7F6B1-4581-46FF-9C75-74FF56FD6281}.Debug|Any CPU.Build.0 = Debug|Any CPU
		{C4B7F6B1-4581-46FF-9C75-74FF56FD6281}.Debug|iPhone.ActiveCfg = Debug|Any CPU
		{C4B7F6B1-4581-46FF-9C75-74FF56FD6281}.Debug|iPhone.Build.0 = Debug|Any CPU
		{C4B7F6B1-4581-46FF-9C75-74FF56FD6281}.Debug|iPhoneSimulator.ActiveCfg = Debug|Any CPU
		{C4B7F6B1-4581-46FF-9C75-74FF56FD6281}.Debug|iPhoneSimulator.Build.0 = Debug|Any CPU
		{C4B7F6B1-4581-46FF-9C75-74FF56FD6281}.Release|Any CPU.ActiveCfg = Release|Any CPU
		{C4B7F6B1-4581-46FF-9C75-74FF56FD6281}.Release|Any CPU.Build.0 = Release|Any CPU
		{C4B7F6B1-4581-46FF-9C75-74FF56FD6281}.Release|iPhone.ActiveCfg = Release|Any CPU
		{C4B7F6B1-4581-46FF-9C75-74FF56FD6281}.Release|iPhone.Build.0 = Release|Any CPU
		{C4B7F6B1-4581-46FF-9C75-74FF56FD6281}.Release|iPhoneSimulator.ActiveCfg = Release|Any CPU
		{C4B7F6B1-4581-46FF-9C75-74FF56FD6281}.Release|iPhoneSimulator.Build.0 = Release|Any CPU
		{458E279A-442E-4705-8CCE-0C6A3CDF2A92}.Ad-Hoc|Any CPU.ActiveCfg = Release|Any CPU
		{458E279A-442E-4705-8CCE-0C6A3CDF2A92}.Ad-Hoc|Any CPU.Build.0 = Release|Any CPU
		{458E279A-442E-4705-8CCE-0C6A3CDF2A92}.Ad-Hoc|iPhone.ActiveCfg = Release|Any CPU
		{458E279A-442E-4705-8CCE-0C6A3CDF2A92}.Ad-Hoc|iPhone.Build.0 = Release|Any CPU
		{458E279A-442E-4705-8CCE-0C6A3CDF2A92}.Ad-Hoc|iPhoneSimulator.ActiveCfg = Release|Any CPU
		{458E279A-442E-4705-8CCE-0C6A3CDF2A92}.Ad-Hoc|iPhoneSimulator.Build.0 = Release|Any CPU
		{458E279A-442E-4705-8CCE-0C6A3CDF2A92}.AppStore|Any CPU.ActiveCfg = Release|Any CPU
		{458E279A-442E-4705-8CCE-0C6A3CDF2A92}.AppStore|Any CPU.Build.0 = Release|Any CPU
		{458E279A-442E-4705-8CCE-0C6A3CDF2A92}.AppStore|iPhone.ActiveCfg = Release|Any CPU
		{458E279A-442E-4705-8CCE-0C6A3CDF2A92}.AppStore|iPhone.Build.0 = Release|Any CPU
		{458E279A-442E-4705-8CCE-0C6A3CDF2A92}.AppStore|iPhoneSimulator.ActiveCfg = Release|Any CPU
		{458E279A-442E-4705-8CCE-0C6A3CDF2A92}.AppStore|iPhoneSimulator.Build.0 = Release|Any CPU
		{458E279A-442E-4705-8CCE-0C6A3CDF2A92}.Debug|Any CPU.ActiveCfg = Debug|Any CPU
		{458E279A-442E-4705-8CCE-0C6A3CDF2A92}.Debug|Any CPU.Build.0 = Debug|Any CPU
		{458E279A-442E-4705-8CCE-0C6A3CDF2A92}.Debug|iPhone.ActiveCfg = Debug|Any CPU
		{458E279A-442E-4705-8CCE-0C6A3CDF2A92}.Debug|iPhone.Build.0 = Debug|Any CPU
		{458E279A-442E-4705-8CCE-0C6A3CDF2A92}.Debug|iPhoneSimulator.ActiveCfg = Debug|Any CPU
		{458E279A-442E-4705-8CCE-0C6A3CDF2A92}.Debug|iPhoneSimulator.Build.0 = Debug|Any CPU
		{458E279A-442E-4705-8CCE-0C6A3CDF2A92}.Release|Any CPU.ActiveCfg = Release|Any CPU
		{458E279A-442E-4705-8CCE-0C6A3CDF2A92}.Release|Any CPU.Build.0 = Release|Any CPU
		{458E279A-442E-4705-8CCE-0C6A3CDF2A92}.Release|iPhone.ActiveCfg = Release|Any CPU
		{458E279A-442E-4705-8CCE-0C6A3CDF2A92}.Release|iPhone.Build.0 = Release|Any CPU
		{458E279A-442E-4705-8CCE-0C6A3CDF2A92}.Release|iPhoneSimulator.ActiveCfg = Release|Any CPU
		{458E279A-442E-4705-8CCE-0C6A3CDF2A92}.Release|iPhoneSimulator.Build.0 = Release|Any CPU
		{8702FAD0-A088-4620-A4A4-73F63814A428}.Ad-Hoc|Any CPU.ActiveCfg = Release|Any CPU
		{8702FAD0-A088-4620-A4A4-73F63814A428}.Ad-Hoc|Any CPU.Build.0 = Release|Any CPU
		{8702FAD0-A088-4620-A4A4-73F63814A428}.Ad-Hoc|iPhone.ActiveCfg = Release|Any CPU
		{8702FAD0-A088-4620-A4A4-73F63814A428}.Ad-Hoc|iPhone.Build.0 = Release|Any CPU
		{8702FAD0-A088-4620-A4A4-73F63814A428}.Ad-Hoc|iPhoneSimulator.ActiveCfg = Release|Any CPU
		{8702FAD0-A088-4620-A4A4-73F63814A428}.Ad-Hoc|iPhoneSimulator.Build.0 = Release|Any CPU
		{8702FAD0-A088-4620-A4A4-73F63814A428}.AppStore|Any CPU.ActiveCfg = Release|Any CPU
		{8702FAD0-A088-4620-A4A4-73F63814A428}.AppStore|Any CPU.Build.0 = Release|Any CPU
		{8702FAD0-A088-4620-A4A4-73F63814A428}.AppStore|iPhone.ActiveCfg = Release|Any CPU
		{8702FAD0-A088-4620-A4A4-73F63814A428}.AppStore|iPhone.Build.0 = Release|Any CPU
		{8702FAD0-A088-4620-A4A4-73F63814A428}.AppStore|iPhoneSimulator.ActiveCfg = Release|Any CPU
		{8702FAD0-A088-4620-A4A4-73F63814A428}.AppStore|iPhoneSimulator.Build.0 = Release|Any CPU
		{8702FAD0-A088-4620-A4A4-73F63814A428}.Debug|Any CPU.ActiveCfg = Debug|Any CPU
		{8702FAD0-A088-4620-A4A4-73F63814A428}.Debug|Any CPU.Build.0 = Debug|Any CPU
		{8702FAD0-A088-4620-A4A4-73F63814A428}.Debug|iPhone.ActiveCfg = Debug|Any CPU
		{8702FAD0-A088-4620-A4A4-73F63814A428}.Debug|iPhone.Build.0 = Debug|Any CPU
		{8702FAD0-A088-4620-A4A4-73F63814A428}.Debug|iPhoneSimulator.ActiveCfg = Debug|Any CPU
		{8702FAD0-A088-4620-A4A4-73F63814A428}.Debug|iPhoneSimulator.Build.0 = Debug|Any CPU
		{8702FAD0-A088-4620-A4A4-73F63814A428}.Release|Any CPU.ActiveCfg = Release|Any CPU
		{8702FAD0-A088-4620-A4A4-73F63814A428}.Release|Any CPU.Build.0 = Release|Any CPU
		{8702FAD0-A088-4620-A4A4-73F63814A428}.Release|iPhone.ActiveCfg = Release|Any CPU
		{8702FAD0-A088-4620-A4A4-73F63814A428}.Release|iPhone.Build.0 = Release|Any CPU
		{8702FAD0-A088-4620-A4A4-73F63814A428}.Release|iPhoneSimulator.ActiveCfg = Release|Any CPU
		{8702FAD0-A088-4620-A4A4-73F63814A428}.Release|iPhoneSimulator.Build.0 = Release|Any CPU
		{5D0D08B3-5692-445C-8D95-BF200A80AED9}.Ad-Hoc|Any CPU.ActiveCfg = Release|Any CPU
		{5D0D08B3-5692-445C-8D95-BF200A80AED9}.Ad-Hoc|Any CPU.Build.0 = Release|Any CPU
		{5D0D08B3-5692-445C-8D95-BF200A80AED9}.Ad-Hoc|iPhone.ActiveCfg = Release|Any CPU
		{5D0D08B3-5692-445C-8D95-BF200A80AED9}.Ad-Hoc|iPhone.Build.0 = Release|Any CPU
		{5D0D08B3-5692-445C-8D95-BF200A80AED9}.Ad-Hoc|iPhoneSimulator.ActiveCfg = Release|Any CPU
		{5D0D08B3-5692-445C-8D95-BF200A80AED9}.Ad-Hoc|iPhoneSimulator.Build.0 = Release|Any CPU
		{5D0D08B3-5692-445C-8D95-BF200A80AED9}.AppStore|Any CPU.ActiveCfg = Release|Any CPU
		{5D0D08B3-5692-445C-8D95-BF200A80AED9}.AppStore|Any CPU.Build.0 = Release|Any CPU
		{5D0D08B3-5692-445C-8D95-BF200A80AED9}.AppStore|iPhone.ActiveCfg = Release|Any CPU
		{5D0D08B3-5692-445C-8D95-BF200A80AED9}.AppStore|iPhone.Build.0 = Release|Any CPU
		{5D0D08B3-5692-445C-8D95-BF200A80AED9}.AppStore|iPhoneSimulator.ActiveCfg = Release|Any CPU
		{5D0D08B3-5692-445C-8D95-BF200A80AED9}.AppStore|iPhoneSimulator.Build.0 = Release|Any CPU
		{5D0D08B3-5692-445C-8D95-BF200A80AED9}.Debug|Any CPU.ActiveCfg = Debug|Any CPU
		{5D0D08B3-5692-445C-8D95-BF200A80AED9}.Debug|Any CPU.Build.0 = Debug|Any CPU
		{5D0D08B3-5692-445C-8D95-BF200A80AED9}.Debug|iPhone.ActiveCfg = Debug|Any CPU
		{5D0D08B3-5692-445C-8D95-BF200A80AED9}.Debug|iPhone.Build.0 = Debug|Any CPU
		{5D0D08B3-5692-445C-8D95-BF200A80AED9}.Debug|iPhoneSimulator.ActiveCfg = Debug|Any CPU
		{5D0D08B3-5692-445C-8D95-BF200A80AED9}.Debug|iPhoneSimulator.Build.0 = Debug|Any CPU
		{5D0D08B3-5692-445C-8D95-BF200A80AED9}.Release|Any CPU.ActiveCfg = Release|Any CPU
		{5D0D08B3-5692-445C-8D95-BF200A80AED9}.Release|Any CPU.Build.0 = Release|Any CPU
		{5D0D08B3-5692-445C-8D95-BF200A80AED9}.Release|iPhone.ActiveCfg = Release|Any CPU
		{5D0D08B3-5692-445C-8D95-BF200A80AED9}.Release|iPhone.Build.0 = Release|Any CPU
		{5D0D08B3-5692-445C-8D95-BF200A80AED9}.Release|iPhoneSimulator.ActiveCfg = Release|Any CPU
		{5D0D08B3-5692-445C-8D95-BF200A80AED9}.Release|iPhoneSimulator.Build.0 = Release|Any CPU
		{43AB6440-D317-4286-9E58-A07E53F40071}.Ad-Hoc|Any CPU.ActiveCfg = Release|Any CPU
		{43AB6440-D317-4286-9E58-A07E53F40071}.Ad-Hoc|Any CPU.Build.0 = Release|Any CPU
		{43AB6440-D317-4286-9E58-A07E53F40071}.Ad-Hoc|iPhone.ActiveCfg = Release|Any CPU
		{43AB6440-D317-4286-9E58-A07E53F40071}.Ad-Hoc|iPhone.Build.0 = Release|Any CPU
		{43AB6440-D317-4286-9E58-A07E53F40071}.Ad-Hoc|iPhoneSimulator.ActiveCfg = Release|Any CPU
		{43AB6440-D317-4286-9E58-A07E53F40071}.Ad-Hoc|iPhoneSimulator.Build.0 = Release|Any CPU
		{43AB6440-D317-4286-9E58-A07E53F40071}.AppStore|Any CPU.ActiveCfg = Release|Any CPU
		{43AB6440-D317-4286-9E58-A07E53F40071}.AppStore|Any CPU.Build.0 = Release|Any CPU
		{43AB6440-D317-4286-9E58-A07E53F40071}.AppStore|iPhone.ActiveCfg = Release|Any CPU
		{43AB6440-D317-4286-9E58-A07E53F40071}.AppStore|iPhone.Build.0 = Release|Any CPU
		{43AB6440-D317-4286-9E58-A07E53F40071}.AppStore|iPhoneSimulator.ActiveCfg = Release|Any CPU
		{43AB6440-D317-4286-9E58-A07E53F40071}.AppStore|iPhoneSimulator.Build.0 = Release|Any CPU
		{43AB6440-D317-4286-9E58-A07E53F40071}.Debug|Any CPU.ActiveCfg = Debug|Any CPU
		{43AB6440-D317-4286-9E58-A07E53F40071}.Debug|Any CPU.Build.0 = Debug|Any CPU
		{43AB6440-D317-4286-9E58-A07E53F40071}.Debug|iPhone.ActiveCfg = Debug|Any CPU
		{43AB6440-D317-4286-9E58-A07E53F40071}.Debug|iPhone.Build.0 = Debug|Any CPU
		{43AB6440-D317-4286-9E58-A07E53F40071}.Debug|iPhoneSimulator.ActiveCfg = Debug|Any CPU
		{43AB6440-D317-4286-9E58-A07E53F40071}.Debug|iPhoneSimulator.Build.0 = Debug|Any CPU
		{43AB6440-D317-4286-9E58-A07E53F40071}.Release|Any CPU.ActiveCfg = Release|Any CPU
		{43AB6440-D317-4286-9E58-A07E53F40071}.Release|Any CPU.Build.0 = Release|Any CPU
		{43AB6440-D317-4286-9E58-A07E53F40071}.Release|iPhone.ActiveCfg = Release|Any CPU
		{43AB6440-D317-4286-9E58-A07E53F40071}.Release|iPhone.Build.0 = Release|Any CPU
		{43AB6440-D317-4286-9E58-A07E53F40071}.Release|iPhoneSimulator.ActiveCfg = Release|Any CPU
		{43AB6440-D317-4286-9E58-A07E53F40071}.Release|iPhoneSimulator.Build.0 = Release|Any CPU
		{C39C15E0-E0F8-4556-868C-098762630CCB}.Ad-Hoc|Any CPU.ActiveCfg = Release|Any CPU
		{C39C15E0-E0F8-4556-868C-098762630CCB}.Ad-Hoc|Any CPU.Build.0 = Release|Any CPU
		{C39C15E0-E0F8-4556-868C-098762630CCB}.Ad-Hoc|iPhone.ActiveCfg = Release|Any CPU
		{C39C15E0-E0F8-4556-868C-098762630CCB}.Ad-Hoc|iPhone.Build.0 = Release|Any CPU
		{C39C15E0-E0F8-4556-868C-098762630CCB}.Ad-Hoc|iPhoneSimulator.ActiveCfg = Release|Any CPU
		{C39C15E0-E0F8-4556-868C-098762630CCB}.Ad-Hoc|iPhoneSimulator.Build.0 = Release|Any CPU
		{C39C15E0-E0F8-4556-868C-098762630CCB}.AppStore|Any CPU.ActiveCfg = Release|Any CPU
		{C39C15E0-E0F8-4556-868C-098762630CCB}.AppStore|Any CPU.Build.0 = Release|Any CPU
		{C39C15E0-E0F8-4556-868C-098762630CCB}.AppStore|iPhone.ActiveCfg = Release|Any CPU
		{C39C15E0-E0F8-4556-868C-098762630CCB}.AppStore|iPhone.Build.0 = Release|Any CPU
		{C39C15E0-E0F8-4556-868C-098762630CCB}.AppStore|iPhoneSimulator.ActiveCfg = Release|Any CPU
		{C39C15E0-E0F8-4556-868C-098762630CCB}.AppStore|iPhoneSimulator.Build.0 = Release|Any CPU
		{C39C15E0-E0F8-4556-868C-098762630CCB}.Debug|Any CPU.ActiveCfg = Debug|Any CPU
		{C39C15E0-E0F8-4556-868C-098762630CCB}.Debug|Any CPU.Build.0 = Debug|Any CPU
		{C39C15E0-E0F8-4556-868C-098762630CCB}.Debug|iPhone.ActiveCfg = Debug|Any CPU
		{C39C15E0-E0F8-4556-868C-098762630CCB}.Debug|iPhone.Build.0 = Debug|Any CPU
		{C39C15E0-E0F8-4556-868C-098762630CCB}.Debug|iPhoneSimulator.ActiveCfg = Debug|Any CPU
		{C39C15E0-E0F8-4556-868C-098762630CCB}.Debug|iPhoneSimulator.Build.0 = Debug|Any CPU
		{C39C15E0-E0F8-4556-868C-098762630CCB}.Release|Any CPU.ActiveCfg = Release|Any CPU
		{C39C15E0-E0F8-4556-868C-098762630CCB}.Release|Any CPU.Build.0 = Release|Any CPU
		{C39C15E0-E0F8-4556-868C-098762630CCB}.Release|iPhone.ActiveCfg = Release|Any CPU
		{C39C15E0-E0F8-4556-868C-098762630CCB}.Release|iPhone.Build.0 = Release|Any CPU
		{C39C15E0-E0F8-4556-868C-098762630CCB}.Release|iPhoneSimulator.ActiveCfg = Release|Any CPU
		{C39C15E0-E0F8-4556-868C-098762630CCB}.Release|iPhoneSimulator.Build.0 = Release|Any CPU
		{DB348F19-9A12-42B0-AA1C-308B9632832B}.Ad-Hoc|Any CPU.ActiveCfg = Release|Any CPU
		{DB348F19-9A12-42B0-AA1C-308B9632832B}.Ad-Hoc|Any CPU.Build.0 = Release|Any CPU
		{DB348F19-9A12-42B0-AA1C-308B9632832B}.Ad-Hoc|iPhone.ActiveCfg = Release|Any CPU
		{DB348F19-9A12-42B0-AA1C-308B9632832B}.Ad-Hoc|iPhone.Build.0 = Release|Any CPU
		{DB348F19-9A12-42B0-AA1C-308B9632832B}.Ad-Hoc|iPhoneSimulator.ActiveCfg = Release|Any CPU
		{DB348F19-9A12-42B0-AA1C-308B9632832B}.Ad-Hoc|iPhoneSimulator.Build.0 = Release|Any CPU
		{DB348F19-9A12-42B0-AA1C-308B9632832B}.AppStore|Any CPU.ActiveCfg = Release|Any CPU
		{DB348F19-9A12-42B0-AA1C-308B9632832B}.AppStore|Any CPU.Build.0 = Release|Any CPU
		{DB348F19-9A12-42B0-AA1C-308B9632832B}.AppStore|iPhone.ActiveCfg = Release|Any CPU
		{DB348F19-9A12-42B0-AA1C-308B9632832B}.AppStore|iPhone.Build.0 = Release|Any CPU
		{DB348F19-9A12-42B0-AA1C-308B9632832B}.AppStore|iPhoneSimulator.ActiveCfg = Release|Any CPU
		{DB348F19-9A12-42B0-AA1C-308B9632832B}.AppStore|iPhoneSimulator.Build.0 = Release|Any CPU
		{DB348F19-9A12-42B0-AA1C-308B9632832B}.Debug|Any CPU.ActiveCfg = Debug|Any CPU
		{DB348F19-9A12-42B0-AA1C-308B9632832B}.Debug|Any CPU.Build.0 = Debug|Any CPU
		{DB348F19-9A12-42B0-AA1C-308B9632832B}.Debug|iPhone.ActiveCfg = Debug|Any CPU
		{DB348F19-9A12-42B0-AA1C-308B9632832B}.Debug|iPhone.Build.0 = Debug|Any CPU
		{DB348F19-9A12-42B0-AA1C-308B9632832B}.Debug|iPhoneSimulator.ActiveCfg = Debug|Any CPU
		{DB348F19-9A12-42B0-AA1C-308B9632832B}.Debug|iPhoneSimulator.Build.0 = Debug|Any CPU
		{DB348F19-9A12-42B0-AA1C-308B9632832B}.Release|Any CPU.ActiveCfg = Release|Any CPU
		{DB348F19-9A12-42B0-AA1C-308B9632832B}.Release|Any CPU.Build.0 = Release|Any CPU
		{DB348F19-9A12-42B0-AA1C-308B9632832B}.Release|iPhone.ActiveCfg = Release|Any CPU
		{DB348F19-9A12-42B0-AA1C-308B9632832B}.Release|iPhone.Build.0 = Release|Any CPU
		{DB348F19-9A12-42B0-AA1C-308B9632832B}.Release|iPhoneSimulator.ActiveCfg = Release|Any CPU
		{DB348F19-9A12-42B0-AA1C-308B9632832B}.Release|iPhoneSimulator.Build.0 = Release|Any CPU
		{12E7C310-F762-48F4-A582-B28C9881C70E}.Ad-Hoc|Any CPU.ActiveCfg = Release|Any CPU
		{12E7C310-F762-48F4-A582-B28C9881C70E}.Ad-Hoc|Any CPU.Build.0 = Release|Any CPU
		{12E7C310-F762-48F4-A582-B28C9881C70E}.Ad-Hoc|iPhone.ActiveCfg = Release|Any CPU
		{12E7C310-F762-48F4-A582-B28C9881C70E}.Ad-Hoc|iPhone.Build.0 = Release|Any CPU
		{12E7C310-F762-48F4-A582-B28C9881C70E}.Ad-Hoc|iPhoneSimulator.ActiveCfg = Release|Any CPU
		{12E7C310-F762-48F4-A582-B28C9881C70E}.Ad-Hoc|iPhoneSimulator.Build.0 = Release|Any CPU
		{12E7C310-F762-48F4-A582-B28C9881C70E}.AppStore|Any CPU.ActiveCfg = Release|Any CPU
		{12E7C310-F762-48F4-A582-B28C9881C70E}.AppStore|Any CPU.Build.0 = Release|Any CPU
		{12E7C310-F762-48F4-A582-B28C9881C70E}.AppStore|iPhone.ActiveCfg = Release|Any CPU
		{12E7C310-F762-48F4-A582-B28C9881C70E}.AppStore|iPhone.Build.0 = Release|Any CPU
		{12E7C310-F762-48F4-A582-B28C9881C70E}.AppStore|iPhoneSimulator.ActiveCfg = Release|Any CPU
		{12E7C310-F762-48F4-A582-B28C9881C70E}.AppStore|iPhoneSimulator.Build.0 = Release|Any CPU
		{12E7C310-F762-48F4-A582-B28C9881C70E}.Debug|Any CPU.ActiveCfg = Debug|Any CPU
		{12E7C310-F762-48F4-A582-B28C9881C70E}.Debug|Any CPU.Build.0 = Debug|Any CPU
		{12E7C310-F762-48F4-A582-B28C9881C70E}.Debug|iPhone.ActiveCfg = Debug|Any CPU
		{12E7C310-F762-48F4-A582-B28C9881C70E}.Debug|iPhone.Build.0 = Debug|Any CPU
		{12E7C310-F762-48F4-A582-B28C9881C70E}.Debug|iPhoneSimulator.ActiveCfg = Debug|Any CPU
		{12E7C310-F762-48F4-A582-B28C9881C70E}.Debug|iPhoneSimulator.Build.0 = Debug|Any CPU
		{12E7C310-F762-48F4-A582-B28C9881C70E}.Release|Any CPU.ActiveCfg = Release|Any CPU
		{12E7C310-F762-48F4-A582-B28C9881C70E}.Release|Any CPU.Build.0 = Release|Any CPU
		{12E7C310-F762-48F4-A582-B28C9881C70E}.Release|iPhone.ActiveCfg = Release|Any CPU
		{12E7C310-F762-48F4-A582-B28C9881C70E}.Release|iPhone.Build.0 = Release|Any CPU
		{12E7C310-F762-48F4-A582-B28C9881C70E}.Release|iPhoneSimulator.ActiveCfg = Release|Any CPU
		{12E7C310-F762-48F4-A582-B28C9881C70E}.Release|iPhoneSimulator.Build.0 = Release|Any CPU
		{A2E968BD-51AB-486E-BB3E-2CF4A7311ACC}.Ad-Hoc|Any CPU.ActiveCfg = Release|Any CPU
		{A2E968BD-51AB-486E-BB3E-2CF4A7311ACC}.Ad-Hoc|Any CPU.Build.0 = Release|Any CPU
		{A2E968BD-51AB-486E-BB3E-2CF4A7311ACC}.Ad-Hoc|iPhone.ActiveCfg = Release|Any CPU
		{A2E968BD-51AB-486E-BB3E-2CF4A7311ACC}.Ad-Hoc|iPhone.Build.0 = Release|Any CPU
		{A2E968BD-51AB-486E-BB3E-2CF4A7311ACC}.Ad-Hoc|iPhoneSimulator.ActiveCfg = Release|Any CPU
		{A2E968BD-51AB-486E-BB3E-2CF4A7311ACC}.Ad-Hoc|iPhoneSimulator.Build.0 = Release|Any CPU
		{A2E968BD-51AB-486E-BB3E-2CF4A7311ACC}.AppStore|Any CPU.ActiveCfg = Release|Any CPU
		{A2E968BD-51AB-486E-BB3E-2CF4A7311ACC}.AppStore|Any CPU.Build.0 = Release|Any CPU
		{A2E968BD-51AB-486E-BB3E-2CF4A7311ACC}.AppStore|iPhone.ActiveCfg = Release|Any CPU
		{A2E968BD-51AB-486E-BB3E-2CF4A7311ACC}.AppStore|iPhone.Build.0 = Release|Any CPU
		{A2E968BD-51AB-486E-BB3E-2CF4A7311ACC}.AppStore|iPhoneSimulator.ActiveCfg = Release|Any CPU
		{A2E968BD-51AB-486E-BB3E-2CF4A7311ACC}.AppStore|iPhoneSimulator.Build.0 = Release|Any CPU
		{A2E968BD-51AB-486E-BB3E-2CF4A7311ACC}.Debug|Any CPU.ActiveCfg = Debug|Any CPU
		{A2E968BD-51AB-486E-BB3E-2CF4A7311ACC}.Debug|Any CPU.Build.0 = Debug|Any CPU
		{A2E968BD-51AB-486E-BB3E-2CF4A7311ACC}.Debug|iPhone.ActiveCfg = Debug|Any CPU
		{A2E968BD-51AB-486E-BB3E-2CF4A7311ACC}.Debug|iPhone.Build.0 = Debug|Any CPU
		{A2E968BD-51AB-486E-BB3E-2CF4A7311ACC}.Debug|iPhoneSimulator.ActiveCfg = Debug|Any CPU
		{A2E968BD-51AB-486E-BB3E-2CF4A7311ACC}.Debug|iPhoneSimulator.Build.0 = Debug|Any CPU
		{A2E968BD-51AB-486E-BB3E-2CF4A7311ACC}.Release|Any CPU.ActiveCfg = Release|Any CPU
		{A2E968BD-51AB-486E-BB3E-2CF4A7311ACC}.Release|Any CPU.Build.0 = Release|Any CPU
		{A2E968BD-51AB-486E-BB3E-2CF4A7311ACC}.Release|iPhone.ActiveCfg = Release|Any CPU
		{A2E968BD-51AB-486E-BB3E-2CF4A7311ACC}.Release|iPhone.Build.0 = Release|Any CPU
		{A2E968BD-51AB-486E-BB3E-2CF4A7311ACC}.Release|iPhoneSimulator.ActiveCfg = Release|Any CPU
		{A2E968BD-51AB-486E-BB3E-2CF4A7311ACC}.Release|iPhoneSimulator.Build.0 = Release|Any CPU
		{C3043F43-1F68-45F6-9962-FDEB4F91A354}.Ad-Hoc|Any CPU.ActiveCfg = Release|Any CPU
		{C3043F43-1F68-45F6-9962-FDEB4F91A354}.Ad-Hoc|Any CPU.Build.0 = Release|Any CPU
		{C3043F43-1F68-45F6-9962-FDEB4F91A354}.Ad-Hoc|iPhone.ActiveCfg = Release|Any CPU
		{C3043F43-1F68-45F6-9962-FDEB4F91A354}.Ad-Hoc|iPhone.Build.0 = Release|Any CPU
		{C3043F43-1F68-45F6-9962-FDEB4F91A354}.Ad-Hoc|iPhoneSimulator.ActiveCfg = Release|Any CPU
		{C3043F43-1F68-45F6-9962-FDEB4F91A354}.Ad-Hoc|iPhoneSimulator.Build.0 = Release|Any CPU
		{C3043F43-1F68-45F6-9962-FDEB4F91A354}.AppStore|Any CPU.ActiveCfg = Release|Any CPU
		{C3043F43-1F68-45F6-9962-FDEB4F91A354}.AppStore|Any CPU.Build.0 = Release|Any CPU
		{C3043F43-1F68-45F6-9962-FDEB4F91A354}.AppStore|iPhone.ActiveCfg = Release|Any CPU
		{C3043F43-1F68-45F6-9962-FDEB4F91A354}.AppStore|iPhone.Build.0 = Release|Any CPU
		{C3043F43-1F68-45F6-9962-FDEB4F91A354}.AppStore|iPhoneSimulator.ActiveCfg = Release|Any CPU
		{C3043F43-1F68-45F6-9962-FDEB4F91A354}.AppStore|iPhoneSimulator.Build.0 = Release|Any CPU
		{C3043F43-1F68-45F6-9962-FDEB4F91A354}.Debug|Any CPU.ActiveCfg = Debug|Any CPU
		{C3043F43-1F68-45F6-9962-FDEB4F91A354}.Debug|Any CPU.Build.0 = Debug|Any CPU
		{C3043F43-1F68-45F6-9962-FDEB4F91A354}.Debug|iPhone.ActiveCfg = Debug|Any CPU
		{C3043F43-1F68-45F6-9962-FDEB4F91A354}.Debug|iPhone.Build.0 = Debug|Any CPU
		{C3043F43-1F68-45F6-9962-FDEB4F91A354}.Debug|iPhoneSimulator.ActiveCfg = Debug|Any CPU
		{C3043F43-1F68-45F6-9962-FDEB4F91A354}.Debug|iPhoneSimulator.Build.0 = Debug|Any CPU
		{C3043F43-1F68-45F6-9962-FDEB4F91A354}.Release|Any CPU.ActiveCfg = Release|Any CPU
		{C3043F43-1F68-45F6-9962-FDEB4F91A354}.Release|Any CPU.Build.0 = Release|Any CPU
		{C3043F43-1F68-45F6-9962-FDEB4F91A354}.Release|iPhone.ActiveCfg = Release|Any CPU
		{C3043F43-1F68-45F6-9962-FDEB4F91A354}.Release|iPhone.Build.0 = Release|Any CPU
		{C3043F43-1F68-45F6-9962-FDEB4F91A354}.Release|iPhoneSimulator.ActiveCfg = Release|Any CPU
		{C3043F43-1F68-45F6-9962-FDEB4F91A354}.Release|iPhoneSimulator.Build.0 = Release|Any CPU
		{2D262ADE-B808-4F98-9B8A-DD82E0FACAE6}.Ad-Hoc|Any CPU.ActiveCfg = Release|Any CPU
		{2D262ADE-B808-4F98-9B8A-DD82E0FACAE6}.Ad-Hoc|Any CPU.Build.0 = Release|Any CPU
		{2D262ADE-B808-4F98-9B8A-DD82E0FACAE6}.Ad-Hoc|iPhone.ActiveCfg = Release|Any CPU
		{2D262ADE-B808-4F98-9B8A-DD82E0FACAE6}.Ad-Hoc|iPhone.Build.0 = Release|Any CPU
		{2D262ADE-B808-4F98-9B8A-DD82E0FACAE6}.Ad-Hoc|iPhoneSimulator.ActiveCfg = Release|Any CPU
		{2D262ADE-B808-4F98-9B8A-DD82E0FACAE6}.Ad-Hoc|iPhoneSimulator.Build.0 = Release|Any CPU
		{2D262ADE-B808-4F98-9B8A-DD82E0FACAE6}.AppStore|Any CPU.ActiveCfg = Release|Any CPU
		{2D262ADE-B808-4F98-9B8A-DD82E0FACAE6}.AppStore|Any CPU.Build.0 = Release|Any CPU
		{2D262ADE-B808-4F98-9B8A-DD82E0FACAE6}.AppStore|iPhone.ActiveCfg = Release|Any CPU
		{2D262ADE-B808-4F98-9B8A-DD82E0FACAE6}.AppStore|iPhone.Build.0 = Release|Any CPU
		{2D262ADE-B808-4F98-9B8A-DD82E0FACAE6}.AppStore|iPhoneSimulator.ActiveCfg = Release|Any CPU
		{2D262ADE-B808-4F98-9B8A-DD82E0FACAE6}.AppStore|iPhoneSimulator.Build.0 = Release|Any CPU
		{2D262ADE-B808-4F98-9B8A-DD82E0FACAE6}.Debug|Any CPU.ActiveCfg = Debug|Any CPU
		{2D262ADE-B808-4F98-9B8A-DD82E0FACAE6}.Debug|Any CPU.Build.0 = Debug|Any CPU
		{2D262ADE-B808-4F98-9B8A-DD82E0FACAE6}.Debug|iPhone.ActiveCfg = Debug|Any CPU
		{2D262ADE-B808-4F98-9B8A-DD82E0FACAE6}.Debug|iPhone.Build.0 = Debug|Any CPU
		{2D262ADE-B808-4F98-9B8A-DD82E0FACAE6}.Debug|iPhoneSimulator.ActiveCfg = Debug|Any CPU
		{2D262ADE-B808-4F98-9B8A-DD82E0FACAE6}.Debug|iPhoneSimulator.Build.0 = Debug|Any CPU
		{2D262ADE-B808-4F98-9B8A-DD82E0FACAE6}.Release|Any CPU.ActiveCfg = Release|Any CPU
		{2D262ADE-B808-4F98-9B8A-DD82E0FACAE6}.Release|Any CPU.Build.0 = Release|Any CPU
		{2D262ADE-B808-4F98-9B8A-DD82E0FACAE6}.Release|iPhone.ActiveCfg = Release|Any CPU
		{2D262ADE-B808-4F98-9B8A-DD82E0FACAE6}.Release|iPhone.Build.0 = Release|Any CPU
		{2D262ADE-B808-4F98-9B8A-DD82E0FACAE6}.Release|iPhoneSimulator.ActiveCfg = Release|Any CPU
		{2D262ADE-B808-4F98-9B8A-DD82E0FACAE6}.Release|iPhoneSimulator.Build.0 = Release|Any CPU
	EndGlobalSection
	GlobalSection(SolutionProperties) = preSolution
		HideSolutionNode = FALSE
	EndGlobalSection
	GlobalSection(NestedProjects) = preSolution
		{35778E6E-3CAF-4613-B4F6-FA207832E55D} = {AF4598E8-BE00-438E-941E-BAA5FA406E06}
		{45F2F190-4671-4787-8015-DBD87E20558B} = {6359A794-E9A4-4257-B0DB-55A0AD613237}
		{8E037867-4337-4DDA-B13E-A077EF3D80C8} = {6359A794-E9A4-4257-B0DB-55A0AD613237}
		{73D95281-FB5D-4D78-AA34-8B722052DB3E} = {6359A794-E9A4-4257-B0DB-55A0AD613237}
		{6359A794-E9A4-4257-B0DB-55A0AD613237} = {35778E6E-3CAF-4613-B4F6-FA207832E55D}
		{2AA77393-0B80-4BAC-BCC7-1FF0F19AA079} = {56652968-5F70-45B5-A025-F6420B95905D}
		{5BA73FD6-CADC-4847-A280-B41FDC31639C} = {56652968-5F70-45B5-A025-F6420B95905D}
		{FC265072-73CD-4D0C-98AD-75EBE14479F6} = {56652968-5F70-45B5-A025-F6420B95905D}
		{56652968-5F70-45B5-A025-F6420B95905D} = {35778E6E-3CAF-4613-B4F6-FA207832E55D}
		{03FF6946-BAF7-4AE6-90F4-DD3D7C24DBB1} = {35778E6E-3CAF-4613-B4F6-FA207832E55D}
		{02867B8D-7E36-4952-ABDF-C6F060F17840} = {03FF6946-BAF7-4AE6-90F4-DD3D7C24DBB1}
		{B24B0309-BE04-4791-8A2B-1E167215B738} = {03FF6946-BAF7-4AE6-90F4-DD3D7C24DBB1}
		{79DAA1E1-164C-49B5-A0DF-8344F2E3DA84} = {03FF6946-BAF7-4AE6-90F4-DD3D7C24DBB1}
		{5808FBDC-0FCF-4E40-BBB4-A7B5AB74DDBC} = {35778E6E-3CAF-4613-B4F6-FA207832E55D}
		{81FC88AB-CF50-4509-B9C0-4A78B80F1C4B} = {5808FBDC-0FCF-4E40-BBB4-A7B5AB74DDBC}
		{7194034D-068F-46EA-BC19-FE76B51D9FA0} = {5808FBDC-0FCF-4E40-BBB4-A7B5AB74DDBC}
		{164B96CD-EA89-4D0F-BDF8-16F797BA29AF} = {5808FBDC-0FCF-4E40-BBB4-A7B5AB74DDBC}
		{D2D94ED4-08E5-4DBA-9769-DEA101529097} = {AF4598E8-BE00-438E-941E-BAA5FA406E06}
		{9CDF5D00-EF17-4921-BDDD-C9784CD64186} = {AF4598E8-BE00-438E-941E-BAA5FA406E06}
		{0ED463FA-9CA8-4BE7-9BD2-71C86810BBA5} = {AF4598E8-BE00-438E-941E-BAA5FA406E06}
		{8C3A16EA-1007-4EAB-8F26-47D1A5FB8B47} = {D2D94ED4-08E5-4DBA-9769-DEA101529097}
		{61C646F2-1B61-4B2A-A66B-6CACDBD74197} = {D2D94ED4-08E5-4DBA-9769-DEA101529097}
		{E769593B-7A76-4424-B555-438A0C3D3B85} = {D2D94ED4-08E5-4DBA-9769-DEA101529097}
		{3CF56CAB-D530-42D4-8E18-43C99C681EF8} = {0ED463FA-9CA8-4BE7-9BD2-71C86810BBA5}
		{37D70A8E-2B5C-4424-BBD9-D704B5785C6E} = {9CDF5D00-EF17-4921-BDDD-C9784CD64186}
		{D1B44889-D096-4C57-9A40-A227E736FA39} = {9CDF5D00-EF17-4921-BDDD-C9784CD64186}
		{25CA9935-9D3B-43E2-B1F7-3287B04CA0C4} = {9CDF5D00-EF17-4921-BDDD-C9784CD64186}
		{74886E69-AF5D-48E5-9309-87E987134B1F} = {D2D94ED4-08E5-4DBA-9769-DEA101529097}
		{E707B525-9DA0-466B-B742-8419818D751C} = {D2D94ED4-08E5-4DBA-9769-DEA101529097}
		{A2D3790D-1E5F-450B-A9EF-65475E57B8DD} = {D2D94ED4-08E5-4DBA-9769-DEA101529097}
		{05D777D4-7BD4-4E7B-8258-00451C2D7B07} = {D2D94ED4-08E5-4DBA-9769-DEA101529097}
		{68FC2F80-6F01-446F-9421-DC9EDE5FF669} = {D2D94ED4-08E5-4DBA-9769-DEA101529097}
		{9ACFEDD7-BCF1-4524-BAB4-788D85FFC890} = {D2D94ED4-08E5-4DBA-9769-DEA101529097}
		{2901595F-77C9-4088-B4DC-5CA7E2E2EB44} = {8C3A16EA-1007-4EAB-8F26-47D1A5FB8B47}
		{C4B7F6B1-4581-46FF-9C75-74FF56FD6281} = {8C3A16EA-1007-4EAB-8F26-47D1A5FB8B47}
		{458E279A-442E-4705-8CCE-0C6A3CDF2A92} = {61C646F2-1B61-4B2A-A66B-6CACDBD74197}
		{8702FAD0-A088-4620-A4A4-73F63814A428} = {61C646F2-1B61-4B2A-A66B-6CACDBD74197}
		{5D0D08B3-5692-445C-8D95-BF200A80AED9} = {61C646F2-1B61-4B2A-A66B-6CACDBD74197}
		{43AB6440-D317-4286-9E58-A07E53F40071} = {61C646F2-1B61-4B2A-A66B-6CACDBD74197}
		{C39C15E0-E0F8-4556-868C-098762630CCB} = {61C646F2-1B61-4B2A-A66B-6CACDBD74197}
		{DB348F19-9A12-42B0-AA1C-308B9632832B} = {E769593B-7A76-4424-B555-438A0C3D3B85}
		{12E7C310-F762-48F4-A582-B28C9881C70E} = {E769593B-7A76-4424-B555-438A0C3D3B85}
		{A2E968BD-51AB-486E-BB3E-2CF4A7311ACC} = {E769593B-7A76-4424-B555-438A0C3D3B85}
		{C3043F43-1F68-45F6-9962-FDEB4F91A354} = {E769593B-7A76-4424-B555-438A0C3D3B85}
		{2D262ADE-B808-4F98-9B8A-DD82E0FACAE6} = {E769593B-7A76-4424-B555-438A0C3D3B85}
	EndGlobalSection
	GlobalSection(ExtensibilityGlobals) = postSolution
		SolutionGuid = {93045932-780D-4431-B805-9947A5C296FA}
	EndGlobalSection
EndGlobal
